{
  "originHash" : "f0e83eeff3dbe7d268c7cc7e9ae37430acc24522c878e3071222524a7597de44",
  "pins" : [
    {
      "identity" : "apphudsdk",
      "kind" : "remoteSourceControl",
      "location" : "git@github.com:apphud/ApphudSDK.git",
      "state" : {
        "revision" : "8b0a05fabec1a202b4ea716391c40caf5bd3fb1a",
        "version" : "3.4.0"
      }
    },
    {
      "identity" : "bottomsheet",
      "kind" : "remoteSourceControl",
      "location" : "git@github.com:lucaszischka/BottomSheet.git",
      "state" : {
        "revision" : "720ddbd1371fef2a09cc1ab65fc503df37767f9c",
        "version" : "3.1.1"
      }
    }
  ],
  "version" : 3
}
