// !$*UTF8*$!
{
	archiveVersion = 1;
	classes = {
	};
	objectVersion = 56;
	objects = {

/* Begin PBXBuildFile section */
		5F2DA4C92CA8C245009EA6D0 /* BassBoosterData.xcdatamodeld in Sources */ = {isa = PBXBuildFile; fileRef = 5F2DA4C72CA8C245009EA6D0 /* BassBoosterData.xcdatamodeld */; };
		5F3D3A7C2CA8ABDF00CD9D5A /* FileManager.swift in Sources */ = {isa = PBXBuildFile; fileRef = 5F3D3A7B2CA8ABDF00CD9D5A /* FileManager.swift */; };
		5F3D3A7F2CA8AC3200CD9D5A /* DataManager.swift in Sources */ = {isa = PBXBuildFile; fileRef = 5F3D3A7E2CA8AC3200CD9D5A /* DataManager.swift */; };
		5F4BF3B82C8D238C00F313E2 /* PurchaseManager.swift in Sources */ = {isa = PBXBuildFile; fileRef = 5F4BF3B72C8D238C00F313E2 /* PurchaseManager.swift */; };
		5F4BF3BA2C8D26E300F313E2 /* SKProduct+Extensions.swift in Sources */ = {isa = PBXBuildFile; fileRef = 5F4BF3B92C8D26E300F313E2 /* SKProduct+Extensions.swift */; };
		5F54B3922C83B7760012E1C0 /* SF-Pro-Display-Medium.ttf in Resources */ = {isa = PBXBuildFile; fileRef = 5F54B38F2C83B7760012E1C0 /* SF-Pro-Display-Medium.ttf */; };
		5F54B3932C83B7760012E1C0 /* SF-Pro-Display-Semibold.ttf in Resources */ = {isa = PBXBuildFile; fileRef = 5F54B3902C83B7760012E1C0 /* SF-Pro-Display-Semibold.ttf */; };
		5F54B3942C83B7760012E1C0 /* SF-Pro-Display-Regular.ttf in Resources */ = {isa = PBXBuildFile; fileRef = 5F54B3912C83B7760012E1C0 /* SF-Pro-Display-Regular.ttf */; };
		5F54B3962C83B80F0012E1C0 /* SF-Pro-Display-Bold.ttf in Resources */ = {isa = PBXBuildFile; fileRef = 5F54B3952C83B80F0012E1C0 /* SF-Pro-Display-Bold.ttf */; };
		5F54B39B2C83B8A60012E1C0 /* SFProText-Medium.ttf in Resources */ = {isa = PBXBuildFile; fileRef = 5F54B3972C83B8A50012E1C0 /* SFProText-Medium.ttf */; };
		5F54B39C2C83B8A60012E1C0 /* SFProText-Regular.ttf in Resources */ = {isa = PBXBuildFile; fileRef = 5F54B3982C83B8A50012E1C0 /* SFProText-Regular.ttf */; };
		5F54B39D2C83B8A60012E1C0 /* SFProText-Bold.ttf in Resources */ = {isa = PBXBuildFile; fileRef = 5F54B3992C83B8A50012E1C0 /* SFProText-Bold.ttf */; };
		5F54B39E2C83B8A60012E1C0 /* SFProText-Semibold.ttf in Resources */ = {isa = PBXBuildFile; fileRef = 5F54B39A2C83B8A50012E1C0 /* SFProText-Semibold.ttf */; };
		5F54B3A02C83B9120012E1C0 /* SFProText-Light.ttf in Resources */ = {isa = PBXBuildFile; fileRef = 5F54B39F2C83B9120012E1C0 /* SFProText-Light.ttf */; };
		5F54B3A42C83C7830012E1C0 /* CornerRadius.swift in Sources */ = {isa = PBXBuildFile; fileRef = 5F54B3A32C83C7830012E1C0 /* CornerRadius.swift */; };
		5F54B3A72C83C7F80012E1C0 /* Size.swift in Sources */ = {isa = PBXBuildFile; fileRef = 5F54B3A62C83C7F80012E1C0 /* Size.swift */; };
		5F54B3AA2C83C83F0012E1C0 /* CGSize+Extension.swift in Sources */ = {isa = PBXBuildFile; fileRef = 5F54B3A92C83C83F0012E1C0 /* CGSize+Extension.swift */; };
		5F54B3AC2C83C8D00012E1C0 /* Space.swift in Sources */ = {isa = PBXBuildFile; fileRef = 5F54B3AB2C83C8D00012E1C0 /* Space.swift */; };
		5F54B3AE2C83CE110012E1C0 /* AppDelegate.swift in Sources */ = {isa = PBXBuildFile; fileRef = 5F54B3AD2C83CE110012E1C0 /* AppDelegate.swift */; };
		5F54B3B52C83D5260012E1C0 /* URLManager.swift in Sources */ = {isa = PBXBuildFile; fileRef = 5F54B3B42C83D5260012E1C0 /* URLManager.swift */; };
		5F727F5E2CB7DFCC00865DD4 /* BottomSheet in Frameworks */ = {isa = PBXBuildFile; productRef = 5F727F5D2CB7DFCC00865DD4 /* BottomSheet */; };
		5FADBEBE2C8D00E500ACBC98 /* ApphudSDK in Frameworks */ = {isa = PBXBuildFile; productRef = 5FADBEBD2C8D00E500ACBC98 /* ApphudSDK */; };
		5FD00C602C8D35FE008F2B4B /* MainTabAssembly.swift in Sources */ = {isa = PBXBuildFile; fileRef = 5FD00C5F2C8D35FE008F2B4B /* MainTabAssembly.swift */; };
		5FD00C622C8D36B7008F2B4B /* TabBarButton.swift in Sources */ = {isa = PBXBuildFile; fileRef = 5FD00C612C8D36B7008F2B4B /* TabBarButton.swift */; };
		5FD00C642C8D3BC9008F2B4B /* EdgeInsets+Extensions.swift in Sources */ = {isa = PBXBuildFile; fileRef = 5FD00C632C8D3BC9008F2B4B /* EdgeInsets+Extensions.swift */; };
		5FD00C672C8E1A5E008F2B4B /* SettingsView.swift in Sources */ = {isa = PBXBuildFile; fileRef = 5FD00C662C8E1A5E008F2B4B /* SettingsView.swift */; };
		5FD59D942C84EC9200D3508B /* MainTabView.swift in Sources */ = {isa = PBXBuildFile; fileRef = 5FD59D932C84EC9200D3508B /* MainTabView.swift */; };
		5FD59D962C84EFB400D3508B /* CustomToggle.swift in Sources */ = {isa = PBXBuildFile; fileRef = 5FD59D952C84EFB400D3508B /* CustomToggle.swift */; };
		5FDBE7E32C833C3300E623B5 /* BassBoosterApp.swift in Sources */ = {isa = PBXBuildFile; fileRef = 5FDBE7E22C833C3300E623B5 /* BassBoosterApp.swift */; };
		5FDBE7E52C833C3300E623B5 /* OnboardingView.swift in Sources */ = {isa = PBXBuildFile; fileRef = 5FDBE7E42C833C3300E623B5 /* OnboardingView.swift */; };
		5FDBE7E72C833C3500E623B5 /* Assets.xcassets in Resources */ = {isa = PBXBuildFile; fileRef = 5FDBE7E62C833C3500E623B5 /* Assets.xcassets */; };
		5FDBE7EA2C833C3500E623B5 /* Preview Assets.xcassets in Resources */ = {isa = PBXBuildFile; fileRef = 5FDBE7E92C833C3500E623B5 /* Preview Assets.xcassets */; };
		5FDBE7F62C83441000E623B5 /* Typography.swift in Sources */ = {isa = PBXBuildFile; fileRef = 5FDBE7F52C83441000E623B5 /* Typography.swift */; };
		5FDBE7FA2C83463800E623B5 /* Color+Extension.swift in Sources */ = {isa = PBXBuildFile; fileRef = 5FDBE7F92C83463800E623B5 /* Color+Extension.swift */; };
		5FDBE7FC2C83478200E623B5 /* AppColors.swift in Sources */ = {isa = PBXBuildFile; fileRef = 5FDBE7FB2C83478200E623B5 /* AppColors.swift */; };
		5FDBE7FF2C83480500E623B5 /* View+Extension.swift in Sources */ = {isa = PBXBuildFile; fileRef = 5FDBE7FE2C83480500E623B5 /* View+Extension.swift */; };
		5FE7DC5A2CB9B78400001F61 /* PlayListCell.swift in Sources */ = {isa = PBXBuildFile; fileRef = 5FE7DC592CB9B78400001F61 /* PlayListCell.swift */; };
		5FE7DC5C2CB9B9BC00001F61 /* MusicFileRow.swift in Sources */ = {isa = PBXBuildFile; fileRef = 5FE7DC5B2CB9B9BC00001F61 /* MusicFileRow.swift */; };
		5FE7DC7D2CBC884000001F61 /* Settings.swift in Sources */ = {isa = PBXBuildFile; fileRef = 5FE7DC7C2CBC883F00001F61 /* Settings.swift */; };
		5FE7DC7F2CBC90FD00001F61 /* Features.swift in Sources */ = {isa = PBXBuildFile; fileRef = 5FE7DC7E2CBC90FD00001F61 /* Features.swift */; };
		5FE7DC812CBC91A400001F61 /* Modes.swift in Sources */ = {isa = PBXBuildFile; fileRef = 5FE7DC802CBC91A400001F61 /* Modes.swift */; };
		5FE7DC842CBCB07C00001F61 /* AudioKit in Frameworks */ = {isa = PBXBuildFile; productRef = 5FE7DC832CBCB07C00001F61 /* AudioKit */; };
		5FF2549B2CB8859D0004E391 /* NewPlaylistView.swift in Sources */ = {isa = PBXBuildFile; fileRef = 5FF2549A2CB8859D0004E391 /* NewPlaylistView.swift */; };
		5FF2549D2CB886B60004E391 /* DeleteSongView.swift in Sources */ = {isa = PBXBuildFile; fileRef = 5FF2549C2CB886B60004E391 /* DeleteSongView.swift */; };
		5FF254A12CB93BA80004E391 /* RenameSongView.swift in Sources */ = {isa = PBXBuildFile; fileRef = 5FF254A02CB93BA80004E391 /* RenameSongView.swift */; };
		6D064CD12CBCA12900571FFA /* Preset.swift in Sources */ = {isa = PBXBuildFile; fileRef = 6D064CD02CBCA12900571FFA /* Preset.swift */; };
		6D064CD32CBCADA700571FFA /* CreatePreset.swift in Sources */ = {isa = PBXBuildFile; fileRef = 6D064CD22CBCADA700571FFA /* CreatePreset.swift */; };
		6D0E33522C8481720087493E /* ProductView.swift in Sources */ = {isa = PBXBuildFile; fileRef = 6D0E33512C8481720087493E /* ProductView.swift */; };
		6D363B592C85F26A0053761C /* ModesView.swift in Sources */ = {isa = PBXBuildFile; fileRef = 6D363B582C85F2690053761C /* ModesView.swift */; };
		6D363B612C85F9F90053761C /* FeaturesView.swift in Sources */ = {isa = PBXBuildFile; fileRef = 6D363B602C85F9F90053761C /* FeaturesView.swift */; };
		6D363B6C2C888D510053761C /* HomeView.swift in Sources */ = {isa = PBXBuildFile; fileRef = 6D363B6B2C888D510053761C /* HomeView.swift */; };
		6D363B6E2C888D680053761C /* MusicViewModel.swift in Sources */ = {isa = PBXBuildFile; fileRef = 6D363B6D2C888D680053761C /* MusicViewModel.swift */; };
		6D363B722C888E910053761C /* SearchBarView.swift in Sources */ = {isa = PBXBuildFile; fileRef = 6D363B712C888E910053761C /* SearchBarView.swift */; };
		6D363B742C88A55C0053761C /* PlaylistView.swift in Sources */ = {isa = PBXBuildFile; fileRef = 6D363B732C88A55C0053761C /* PlaylistView.swift */; };
		6D4600E62C945EA0003F92BC /* MusicInfo.swift in Sources */ = {isa = PBXBuildFile; fileRef = 6D4600E52C945EA0003F92BC /* MusicInfo.swift */; };
		6D4600E82C945EBD003F92BC /* MusicView.swift in Sources */ = {isa = PBXBuildFile; fileRef = 6D4600E72C945EBD003F92BC /* MusicView.swift */; };
		6DA0B4532C835A5C0035751E /* PrimaryButton.swift in Sources */ = {isa = PBXBuildFile; fileRef = 6DA0B4522C835A5C0035751E /* PrimaryButton.swift */; };
		6DA0B4552C838D990035751E /* String+Extension.swift in Sources */ = {isa = PBXBuildFile; fileRef = 6DA0B4542C838D990035751E /* String+Extension.swift */; };
		6DA0B4572C838EEB0035751E /* OptionsView.swift in Sources */ = {isa = PBXBuildFile; fileRef = 6DA0B4562C838EEB0035751E /* OptionsView.swift */; };
		6DA0B45E2C839A5E0035751E /* PageIndicator.swift in Sources */ = {isa = PBXBuildFile; fileRef = 6DA0B45D2C839A5E0035751E /* PageIndicator.swift */; };
		6DA0B4602C839EBC0035751E /* OnboardingState.swift in Sources */ = {isa = PBXBuildFile; fileRef = 6DA0B45F2C839EBC0035751E /* OnboardingState.swift */; };
		6DA0B46A2C84585E0035751E /* OnboardingViewModel.swift in Sources */ = {isa = PBXBuildFile; fileRef = 6DA0B4692C84585D0035751E /* OnboardingViewModel.swift */; };
		6DA0B46C2C845BD00035751E /* OnboardingAssembly.swift in Sources */ = {isa = PBXBuildFile; fileRef = 6DA0B46B2C845BD00035751E /* OnboardingAssembly.swift */; };
		6DA0B46F2C845F560035751E /* SubscriptionViewModel.swift in Sources */ = {isa = PBXBuildFile; fileRef = 6DA0B46E2C845F560035751E /* SubscriptionViewModel.swift */; };
		6DA0B4712C845F640035751E /* SubscriptionView.swift in Sources */ = {isa = PBXBuildFile; fileRef = 6DA0B4702C845F640035751E /* SubscriptionView.swift */; };
		6DA0B4732C845F750035751E /* SubscriptionAssembly.swift in Sources */ = {isa = PBXBuildFile; fileRef = 6DA0B4722C845F750035751E /* SubscriptionAssembly.swift */; };
		6DA0B4752C84765A0035751E /* SubscriptionScreenState.swift in Sources */ = {isa = PBXBuildFile; fileRef = 6DA0B4742C84765A0035751E /* SubscriptionScreenState.swift */; };
		6DE5AE1E2CA9D16B000A9BB2 /* MusicProgressView.swift in Sources */ = {isa = PBXBuildFile; fileRef = 6DE5AE1D2CA9D16B000A9BB2 /* MusicProgressView.swift */; };
		6DEED4312CBA85EE00990C34 /* HelveticaNeueCyr-Medium.ttf in Resources */ = {isa = PBXBuildFile; fileRef = 6DEED42F2CBA85EE00990C34 /* HelveticaNeueCyr-Medium.ttf */; };
		6DEED4322CBA85EE00990C34 /* Helvetica.ttf in Resources */ = {isa = PBXBuildFile; fileRef = 6DEED4302CBA85EE00990C34 /* Helvetica.ttf */; };
		6DEED4342CBAECCD00990C34 /* CustomProgressBar.swift in Sources */ = {isa = PBXBuildFile; fileRef = 6DEED4332CBAECCD00990C34 /* CustomProgressBar.swift */; };
		6DEED43C2CBB31BB00990C34 /* PlayerSelectionButton.swift in Sources */ = {isa = PBXBuildFile; fileRef = 6DEED43B2CBB31BB00990C34 /* PlayerSelectionButton.swift */; };
		6DEED43F2CBBDA0300990C34 /* Quicksand-Bold.ttf in Resources */ = {isa = PBXBuildFile; fileRef = 6DEED43E2CBBDA0300990C34 /* Quicksand-Bold.ttf */; };
		6DEED4472CBC2FB400990C34 /* CircularProgressView.swift in Sources */ = {isa = PBXBuildFile; fileRef = 6DEED4462CBC2FB400990C34 /* CircularProgressView.swift */; };
		6DEED4492CBC494800990C34 /* TypeSwitcher.swift in Sources */ = {isa = PBXBuildFile; fileRef = 6DEED4482CBC494800990C34 /* TypeSwitcher.swift */; };
		6DEED44C2CBC5B1800990C34 /* Inter_18pt-SemiBold.ttf in Resources */ = {isa = PBXBuildFile; fileRef = 6DEED44B2CBC5B1800990C34 /* Inter_18pt-SemiBold.ttf */; };
		6DEED44F2CBC76FB00990C34 /* BidirectionalSlider.swift in Sources */ = {isa = PBXBuildFile; fileRef = 6DEED44E2CBC76FB00990C34 /* BidirectionalSlider.swift */; };
/* End PBXBuildFile section */

/* Begin PBXFileReference section */
		5F2DA4C82CA8C245009EA6D0 /* BassBoosterData.xcdatamodel */ = {isa = PBXFileReference; lastKnownFileType = wrapper.xcdatamodel; path = BassBoosterData.xcdatamodel; sourceTree = "<group>"; };
		5F3D3A7B2CA8ABDF00CD9D5A /* FileManager.swift */ = {isa = PBXFileReference; lastKnownFileType = sourcecode.swift; path = FileManager.swift; sourceTree = "<group>"; };
		5F3D3A7E2CA8AC3200CD9D5A /* DataManager.swift */ = {isa = PBXFileReference; lastKnownFileType = sourcecode.swift; path = DataManager.swift; sourceTree = "<group>"; };
		5F4BF3B72C8D238C00F313E2 /* PurchaseManager.swift */ = {isa = PBXFileReference; lastKnownFileType = sourcecode.swift; path = PurchaseManager.swift; sourceTree = "<group>"; };
		5F4BF3B92C8D26E300F313E2 /* SKProduct+Extensions.swift */ = {isa = PBXFileReference; lastKnownFileType = sourcecode.swift; path = "SKProduct+Extensions.swift"; sourceTree = "<group>"; };
		5F54B38F2C83B7760012E1C0 /* SF-Pro-Display-Medium.ttf */ = {isa = PBXFileReference; lastKnownFileType = file; path = "SF-Pro-Display-Medium.ttf"; sourceTree = "<group>"; };
		5F54B3902C83B7760012E1C0 /* SF-Pro-Display-Semibold.ttf */ = {isa = PBXFileReference; lastKnownFileType = file; path = "SF-Pro-Display-Semibold.ttf"; sourceTree = "<group>"; };
		5F54B3912C83B7760012E1C0 /* SF-Pro-Display-Regular.ttf */ = {isa = PBXFileReference; lastKnownFileType = file; path = "SF-Pro-Display-Regular.ttf"; sourceTree = "<group>"; };
		5F54B3952C83B80F0012E1C0 /* SF-Pro-Display-Bold.ttf */ = {isa = PBXFileReference; lastKnownFileType = file; path = "SF-Pro-Display-Bold.ttf"; sourceTree = "<group>"; };
		5F54B3972C83B8A50012E1C0 /* SFProText-Medium.ttf */ = {isa = PBXFileReference; lastKnownFileType = file; path = "SFProText-Medium.ttf"; sourceTree = "<group>"; };
		5F54B3982C83B8A50012E1C0 /* SFProText-Regular.ttf */ = {isa = PBXFileReference; lastKnownFileType = file; path = "SFProText-Regular.ttf"; sourceTree = "<group>"; };
		5F54B3992C83B8A50012E1C0 /* SFProText-Bold.ttf */ = {isa = PBXFileReference; lastKnownFileType = file; path = "SFProText-Bold.ttf"; sourceTree = "<group>"; };
		5F54B39A2C83B8A50012E1C0 /* SFProText-Semibold.ttf */ = {isa = PBXFileReference; lastKnownFileType = file; path = "SFProText-Semibold.ttf"; sourceTree = "<group>"; };
		5F54B39F2C83B9120012E1C0 /* SFProText-Light.ttf */ = {isa = PBXFileReference; lastKnownFileType = file; path = "SFProText-Light.ttf"; sourceTree = "<group>"; };
		5F54B3A12C83B9BC0012E1C0 /* Info.plist */ = {isa = PBXFileReference; lastKnownFileType = text.plist.xml; path = Info.plist; sourceTree = SOURCE_ROOT; };
		5F54B3A32C83C7830012E1C0 /* CornerRadius.swift */ = {isa = PBXFileReference; lastKnownFileType = sourcecode.swift; path = CornerRadius.swift; sourceTree = "<group>"; };
		5F54B3A62C83C7F80012E1C0 /* Size.swift */ = {isa = PBXFileReference; lastKnownFileType = sourcecode.swift; path = Size.swift; sourceTree = "<group>"; };
		5F54B3A92C83C83F0012E1C0 /* CGSize+Extension.swift */ = {isa = PBXFileReference; lastKnownFileType = sourcecode.swift; path = "CGSize+Extension.swift"; sourceTree = "<group>"; };
		5F54B3AB2C83C8D00012E1C0 /* Space.swift */ = {isa = PBXFileReference; lastKnownFileType = sourcecode.swift; path = Space.swift; sourceTree = "<group>"; };
		5F54B3AD2C83CE110012E1C0 /* AppDelegate.swift */ = {isa = PBXFileReference; lastKnownFileType = sourcecode.swift; path = AppDelegate.swift; sourceTree = "<group>"; };
		5F54B3B42C83D5260012E1C0 /* URLManager.swift */ = {isa = PBXFileReference; lastKnownFileType = sourcecode.swift; path = URLManager.swift; sourceTree = "<group>"; };
		5FD00C5F2C8D35FE008F2B4B /* MainTabAssembly.swift */ = {isa = PBXFileReference; lastKnownFileType = sourcecode.swift; path = MainTabAssembly.swift; sourceTree = "<group>"; };
		5FD00C612C8D36B7008F2B4B /* TabBarButton.swift */ = {isa = PBXFileReference; lastKnownFileType = sourcecode.swift; path = TabBarButton.swift; sourceTree = "<group>"; };
		5FD00C632C8D3BC9008F2B4B /* EdgeInsets+Extensions.swift */ = {isa = PBXFileReference; lastKnownFileType = sourcecode.swift; path = "EdgeInsets+Extensions.swift"; sourceTree = "<group>"; };
		5FD00C662C8E1A5E008F2B4B /* SettingsView.swift */ = {isa = PBXFileReference; lastKnownFileType = sourcecode.swift; path = SettingsView.swift; sourceTree = "<group>"; };
		5FD59D932C84EC9200D3508B /* MainTabView.swift */ = {isa = PBXFileReference; lastKnownFileType = sourcecode.swift; path = MainTabView.swift; sourceTree = "<group>"; };
		5FD59D952C84EFB400D3508B /* CustomToggle.swift */ = {isa = PBXFileReference; lastKnownFileType = sourcecode.swift; path = CustomToggle.swift; sourceTree = "<group>"; };
		5FDBE7DF2C833C3300E623B5 /* Bass Booster.app */ = {isa = PBXFileReference; explicitFileType = wrapper.application; includeInIndex = 0; path = "Bass Booster.app"; sourceTree = BUILT_PRODUCTS_DIR; };
		5FDBE7E22C833C3300E623B5 /* BassBoosterApp.swift */ = {isa = PBXFileReference; lastKnownFileType = sourcecode.swift; path = BassBoosterApp.swift; sourceTree = "<group>"; };
		5FDBE7E42C833C3300E623B5 /* OnboardingView.swift */ = {isa = PBXFileReference; lastKnownFileType = sourcecode.swift; path = OnboardingView.swift; sourceTree = "<group>"; };
		5FDBE7E62C833C3500E623B5 /* Assets.xcassets */ = {isa = PBXFileReference; lastKnownFileType = folder.assetcatalog; path = Assets.xcassets; sourceTree = "<group>"; };
		5FDBE7E92C833C3500E623B5 /* Preview Assets.xcassets */ = {isa = PBXFileReference; lastKnownFileType = folder.assetcatalog; path = "Preview Assets.xcassets"; sourceTree = "<group>"; };
		5FDBE7F52C83441000E623B5 /* Typography.swift */ = {isa = PBXFileReference; lastKnownFileType = sourcecode.swift; path = Typography.swift; sourceTree = "<group>"; };
		5FDBE7F92C83463800E623B5 /* Color+Extension.swift */ = {isa = PBXFileReference; lastKnownFileType = sourcecode.swift; path = "Color+Extension.swift"; sourceTree = "<group>"; };
		5FDBE7FB2C83478200E623B5 /* AppColors.swift */ = {isa = PBXFileReference; lastKnownFileType = sourcecode.swift; path = AppColors.swift; sourceTree = "<group>"; };
		5FDBE7FE2C83480500E623B5 /* View+Extension.swift */ = {isa = PBXFileReference; lastKnownFileType = sourcecode.swift; path = "View+Extension.swift"; sourceTree = "<group>"; };
		5FE7DC592CB9B78400001F61 /* PlayListCell.swift */ = {isa = PBXFileReference; lastKnownFileType = sourcecode.swift; path = PlayListCell.swift; sourceTree = "<group>"; };
		5FE7DC5B2CB9B9BC00001F61 /* MusicFileRow.swift */ = {isa = PBXFileReference; lastKnownFileType = sourcecode.swift; path = MusicFileRow.swift; sourceTree = "<group>"; };
		5FE7DC7C2CBC883F00001F61 /* Settings.swift */ = {isa = PBXFileReference; lastKnownFileType = sourcecode.swift; path = Settings.swift; sourceTree = "<group>"; };
		5FE7DC7E2CBC90FD00001F61 /* Features.swift */ = {isa = PBXFileReference; lastKnownFileType = sourcecode.swift; path = Features.swift; sourceTree = "<group>"; };
		5FE7DC802CBC91A400001F61 /* Modes.swift */ = {isa = PBXFileReference; lastKnownFileType = sourcecode.swift; path = Modes.swift; sourceTree = "<group>"; };
		5FF2549A2CB8859D0004E391 /* NewPlaylistView.swift */ = {isa = PBXFileReference; lastKnownFileType = sourcecode.swift; path = NewPlaylistView.swift; sourceTree = "<group>"; };
		5FF2549C2CB886B60004E391 /* DeleteSongView.swift */ = {isa = PBXFileReference; lastKnownFileType = sourcecode.swift; path = DeleteSongView.swift; sourceTree = "<group>"; };
		5FF254A02CB93BA80004E391 /* RenameSongView.swift */ = {isa = PBXFileReference; lastKnownFileType = sourcecode.swift; path = RenameSongView.swift; sourceTree = "<group>"; };
		6D064CD02CBCA12900571FFA /* Preset.swift */ = {isa = PBXFileReference; lastKnownFileType = sourcecode.swift; path = Preset.swift; sourceTree = "<group>"; };
		6D064CD22CBCADA700571FFA /* CreatePreset.swift */ = {isa = PBXFileReference; lastKnownFileType = sourcecode.swift; path = CreatePreset.swift; sourceTree = "<group>"; };
		6D0E33512C8481720087493E /* ProductView.swift */ = {isa = PBXFileReference; lastKnownFileType = sourcecode.swift; path = ProductView.swift; sourceTree = "<group>"; };
		6D363B582C85F2690053761C /* ModesView.swift */ = {isa = PBXFileReference; lastKnownFileType = sourcecode.swift; path = ModesView.swift; sourceTree = "<group>"; };
		6D363B602C85F9F90053761C /* FeaturesView.swift */ = {isa = PBXFileReference; lastKnownFileType = sourcecode.swift; path = FeaturesView.swift; sourceTree = "<group>"; };
		6D363B6B2C888D510053761C /* HomeView.swift */ = {isa = PBXFileReference; lastKnownFileType = sourcecode.swift; path = HomeView.swift; sourceTree = "<group>"; };
		6D363B6D2C888D680053761C /* MusicViewModel.swift */ = {isa = PBXFileReference; lastKnownFileType = sourcecode.swift; path = MusicViewModel.swift; sourceTree = "<group>"; };
		6D363B712C888E910053761C /* SearchBarView.swift */ = {isa = PBXFileReference; lastKnownFileType = sourcecode.swift; path = SearchBarView.swift; sourceTree = "<group>"; };
		6D363B732C88A55C0053761C /* PlaylistView.swift */ = {isa = PBXFileReference; lastKnownFileType = sourcecode.swift; path = PlaylistView.swift; sourceTree = "<group>"; };
		6D4600E52C945EA0003F92BC /* MusicInfo.swift */ = {isa = PBXFileReference; lastKnownFileType = sourcecode.swift; path = MusicInfo.swift; sourceTree = "<group>"; };
		6D4600E72C945EBD003F92BC /* MusicView.swift */ = {isa = PBXFileReference; lastKnownFileType = sourcecode.swift; path = MusicView.swift; sourceTree = "<group>"; };
		6DA0B4522C835A5C0035751E /* PrimaryButton.swift */ = {isa = PBXFileReference; lastKnownFileType = sourcecode.swift; path = PrimaryButton.swift; sourceTree = "<group>"; };
		6DA0B4542C838D990035751E /* String+Extension.swift */ = {isa = PBXFileReference; lastKnownFileType = sourcecode.swift; path = "String+Extension.swift"; sourceTree = "<group>"; };
		6DA0B4562C838EEB0035751E /* OptionsView.swift */ = {isa = PBXFileReference; lastKnownFileType = sourcecode.swift; path = OptionsView.swift; sourceTree = "<group>"; };
		6DA0B45D2C839A5E0035751E /* PageIndicator.swift */ = {isa = PBXFileReference; lastKnownFileType = sourcecode.swift; path = PageIndicator.swift; sourceTree = "<group>"; };
		6DA0B45F2C839EBC0035751E /* OnboardingState.swift */ = {isa = PBXFileReference; lastKnownFileType = sourcecode.swift; path = OnboardingState.swift; sourceTree = "<group>"; };
		6DA0B4692C84585D0035751E /* OnboardingViewModel.swift */ = {isa = PBXFileReference; lastKnownFileType = sourcecode.swift; path = OnboardingViewModel.swift; sourceTree = "<group>"; };
		6DA0B46B2C845BD00035751E /* OnboardingAssembly.swift */ = {isa = PBXFileReference; lastKnownFileType = sourcecode.swift; path = OnboardingAssembly.swift; sourceTree = "<group>"; };
		6DA0B46E2C845F560035751E /* SubscriptionViewModel.swift */ = {isa = PBXFileReference; lastKnownFileType = sourcecode.swift; path = SubscriptionViewModel.swift; sourceTree = "<group>"; };
		6DA0B4702C845F640035751E /* SubscriptionView.swift */ = {isa = PBXFileReference; lastKnownFileType = sourcecode.swift; path = SubscriptionView.swift; sourceTree = "<group>"; };
		6DA0B4722C845F750035751E /* SubscriptionAssembly.swift */ = {isa = PBXFileReference; lastKnownFileType = sourcecode.swift; path = SubscriptionAssembly.swift; sourceTree = "<group>"; };
		6DA0B4742C84765A0035751E /* SubscriptionScreenState.swift */ = {isa = PBXFileReference; lastKnownFileType = sourcecode.swift; path = SubscriptionScreenState.swift; sourceTree = "<group>"; };
		6DE5AE1D2CA9D16B000A9BB2 /* MusicProgressView.swift */ = {isa = PBXFileReference; lastKnownFileType = sourcecode.swift; path = MusicProgressView.swift; sourceTree = "<group>"; };
		6DEED42F2CBA85EE00990C34 /* HelveticaNeueCyr-Medium.ttf */ = {isa = PBXFileReference; lastKnownFileType = file; path = "HelveticaNeueCyr-Medium.ttf"; sourceTree = "<group>"; };
		6DEED4302CBA85EE00990C34 /* Helvetica.ttf */ = {isa = PBXFileReference; lastKnownFileType = file; path = Helvetica.ttf; sourceTree = "<group>"; };
		6DEED4332CBAECCD00990C34 /* CustomProgressBar.swift */ = {isa = PBXFileReference; lastKnownFileType = sourcecode.swift; path = CustomProgressBar.swift; sourceTree = "<group>"; };
		6DEED43B2CBB31BB00990C34 /* PlayerSelectionButton.swift */ = {isa = PBXFileReference; lastKnownFileType = sourcecode.swift; path = PlayerSelectionButton.swift; sourceTree = "<group>"; };
		6DEED43E2CBBDA0300990C34 /* Quicksand-Bold.ttf */ = {isa = PBXFileReference; lastKnownFileType = file; path = "Quicksand-Bold.ttf"; sourceTree = "<group>"; };
		6DEED4462CBC2FB400990C34 /* CircularProgressView.swift */ = {isa = PBXFileReference; lastKnownFileType = sourcecode.swift; path = CircularProgressView.swift; sourceTree = "<group>"; };
		6DEED4482CBC494800990C34 /* TypeSwitcher.swift */ = {isa = PBXFileReference; lastKnownFileType = sourcecode.swift; path = TypeSwitcher.swift; sourceTree = "<group>"; };
		6DEED44B2CBC5B1800990C34 /* Inter_18pt-SemiBold.ttf */ = {isa = PBXFileReference; lastKnownFileType = file; path = "Inter_18pt-SemiBold.ttf"; sourceTree = "<group>"; };
		6DEED44E2CBC76FB00990C34 /* BidirectionalSlider.swift */ = {isa = PBXFileReference; lastKnownFileType = sourcecode.swift; path = BidirectionalSlider.swift; sourceTree = "<group>"; };
/* End PBXFileReference section */

/* Begin PBXFrameworksBuildPhase section */
		5FDBE7DC2C833C3300E623B5 /* Frameworks */ = {
			isa = PBXFrameworksBuildPhase;
			buildActionMask = 2147483647;
			files = (
				5FADBEBE2C8D00E500ACBC98 /* ApphudSDK in Frameworks */,
				5FE7DC842CBCB07C00001F61 /* AudioKit in Frameworks */,
				5F727F5E2CB7DFCC00865DD4 /* BottomSheet in Frameworks */,
			);
			runOnlyForDeploymentPostprocessing = 0;
		};
/* End PBXFrameworksBuildPhase section */

/* Begin PBXGroup section */
		5F3D3A7A2CA8ABCF00CD9D5A /* FileManager */ = {
			isa = PBXGroup;
			children = (
				5F3D3A7B2CA8ABDF00CD9D5A /* FileManager.swift */,
			);
			path = FileManager;
			sourceTree = "<group>";
		};
		5F3D3A7D2CA8AC2600CD9D5A /* DataManager */ = {
			isa = PBXGroup;
			children = (
				5F3D3A7E2CA8AC3200CD9D5A /* DataManager.swift */,
			);
			path = DataManager;
			sourceTree = "<group>";
		};
		5F4BF3B62C8D236000F313E2 /* PurchaseManager */ = {
			isa = PBXGroup;
			children = (
				5F4BF3B72C8D238C00F313E2 /* PurchaseManager.swift */,
			);
			path = PurchaseManager;
			sourceTree = "<group>";
		};
		5F54B38D2C83B7450012E1C0 /* SFProText */ = {
			isa = PBXGroup;
			children = (
				5F54B3992C83B8A50012E1C0 /* SFProText-Bold.ttf */,
				5F54B3972C83B8A50012E1C0 /* SFProText-Medium.ttf */,
				5F54B3982C83B8A50012E1C0 /* SFProText-Regular.ttf */,
				5F54B39A2C83B8A50012E1C0 /* SFProText-Semibold.ttf */,
				5F54B39F2C83B9120012E1C0 /* SFProText-Light.ttf */,
			);
			path = SFProText;
			sourceTree = "<group>";
		};
		5F54B38E2C83B7530012E1C0 /* SFProDisplay */ = {
			isa = PBXGroup;
			children = (
				5F54B3952C83B80F0012E1C0 /* SF-Pro-Display-Bold.ttf */,
				5F54B38F2C83B7760012E1C0 /* SF-Pro-Display-Medium.ttf */,
				5F54B3912C83B7760012E1C0 /* SF-Pro-Display-Regular.ttf */,
				5F54B3902C83B7760012E1C0 /* SF-Pro-Display-Semibold.ttf */,
			);
			path = SFProDisplay;
			sourceTree = "<group>";
		};
		5F54B3A22C83C7580012E1C0 /* Grid */ = {
			isa = PBXGroup;
			children = (
				5F54B3A32C83C7830012E1C0 /* CornerRadius.swift */,
				5F54B3A62C83C7F80012E1C0 /* Size.swift */,
				5F54B3AB2C83C8D00012E1C0 /* Space.swift */,
			);
			path = Grid;
			sourceTree = "<group>";
		};
		5F54B3AF2C83D41E0012E1C0 /* Frameworks */ = {
			isa = PBXGroup;
			children = (
			);
			name = Frameworks;
			sourceTree = "<group>";
		};
		5F54B3B22C83D50A0012E1C0 /* Managers */ = {
			isa = PBXGroup;
			children = (
				5F3D3A7D2CA8AC2600CD9D5A /* DataManager */,
				5F3D3A7A2CA8ABCF00CD9D5A /* FileManager */,
				5F4BF3B62C8D236000F313E2 /* PurchaseManager */,
				5F54B3B32C83D5120012E1C0 /* URLManager */,
			);
			path = Managers;
			sourceTree = "<group>";
		};
		5F54B3B32C83D5120012E1C0 /* URLManager */ = {
			isa = PBXGroup;
			children = (
				5F54B3B42C83D5260012E1C0 /* URLManager.swift */,
			);
			path = URLManager;
			sourceTree = "<group>";
		};
		5FD00C652C8E1A39008F2B4B /* SettingsScreen */ = {
			isa = PBXGroup;
			children = (
				5FE7DC7C2CBC883F00001F61 /* Settings.swift */,
				5FD00C662C8E1A5E008F2B4B /* SettingsView.swift */,
			);
			path = SettingsScreen;
			sourceTree = "<group>";
		};
		5FD59D922C84EC7700D3508B /* MainTabScreen */ = {
			isa = PBXGroup;
			children = (
				5FE7DC582CB9B10500001F61 /* ViewModels */,
				5FD59D932C84EC9200D3508B /* MainTabView.swift */,
				5FD00C5F2C8D35FE008F2B4B /* MainTabAssembly.swift */,
			);
			path = MainTabScreen;
			sourceTree = "<group>";
		};
		5FDBE7D62C833C3300E623B5 = {
			isa = PBXGroup;
			children = (
				5FDBE7E12C833C3300E623B5 /* Bass Booster */,
				5FDBE7E02C833C3300E623B5 /* Products */,
				5F54B3AF2C83D41E0012E1C0 /* Frameworks */,
			);
			sourceTree = "<group>";
		};
		5FDBE7E02C833C3300E623B5 /* Products */ = {
			isa = PBXGroup;
			children = (
				5FDBE7DF2C833C3300E623B5 /* Bass Booster.app */,
			);
			name = Products;
			sourceTree = "<group>";
		};
		5FDBE7E12C833C3300E623B5 /* Bass Booster */ = {
			isa = PBXGroup;
			children = (
				5F54B3A12C83B9BC0012E1C0 /* Info.plist */,
				5F54B3B22C83D50A0012E1C0 /* Managers */,
				6DA0B4512C835A1C0035751E /* Components */,
				5FDBE7F82C83462200E623B5 /* Extensions */,
				5FDBE7F22C833F6C00E623B5 /* Resources */,
				5FDBE7F12C833DE300E623B5 /* Screens */,
				5FDBE7F02C833DC800E623B5 /* App */,
				5FDBE7E62C833C3500E623B5 /* Assets.xcassets */,
				5FDBE7E82C833C3500E623B5 /* Preview Content */,
				5F2DA4C72CA8C245009EA6D0 /* BassBoosterData.xcdatamodeld */,
			);
			path = "Bass Booster";
			sourceTree = "<group>";
		};
		5FDBE7E82C833C3500E623B5 /* Preview Content */ = {
			isa = PBXGroup;
			children = (
				5FDBE7E92C833C3500E623B5 /* Preview Assets.xcassets */,
			);
			path = "Preview Content";
			sourceTree = "<group>";
		};
		5FDBE7F02C833DC800E623B5 /* App */ = {
			isa = PBXGroup;
			children = (
				5FDBE7E22C833C3300E623B5 /* BassBoosterApp.swift */,
				5F54B3AD2C83CE110012E1C0 /* AppDelegate.swift */,
			);
			path = App;
			sourceTree = "<group>";
		};
		5FDBE7F12C833DE300E623B5 /* Screens */ = {
			isa = PBXGroup;
			children = (
				6DE5AE1F2CA9D17D000A9BB2 /* MusicScreen */,
				5FD00C652C8E1A39008F2B4B /* SettingsScreen */,
				6D363B6A2C888D240053761C /* HomeScreen */,
				6D363B5F2C85F9E80053761C /* FeaturesScreen */,
				6D363B5A2C85F26E0053761C /* ModesScreen */,
				5FD59D922C84EC7700D3508B /* MainTabScreen */,
				6DA0B46D2C845F3B0035751E /* SubscriptionScreen */,
				5FDBE7F72C83459F00E623B5 /* OnboardingScreen */,
			);
			path = Screens;
			sourceTree = "<group>";
		};
		5FDBE7F22C833F6C00E623B5 /* Resources */ = {
			isa = PBXGroup;
			children = (
				5F54B3A22C83C7580012E1C0 /* Grid */,
				5FDBE7F42C833F9400E623B5 /* Colors */,
				5FDBE7F32C833F8800E623B5 /* Fonts */,
			);
			path = Resources;
			sourceTree = "<group>";
		};
		5FDBE7F32C833F8800E623B5 /* Fonts */ = {
			isa = PBXGroup;
			children = (
				6DEED44A2CBC5B0400990C34 /* Inter */,
				6DEED43D2CBBD9F300990C34 /* QuickSand */,
				6DB326A02CA8BADB003311F1 /* HelveticaNeue */,
				5F54B38E2C83B7530012E1C0 /* SFProDisplay */,
				5F54B38D2C83B7450012E1C0 /* SFProText */,
				5FDBE7F52C83441000E623B5 /* Typography.swift */,
			);
			path = Fonts;
			sourceTree = "<group>";
		};
		5FDBE7F42C833F9400E623B5 /* Colors */ = {
			isa = PBXGroup;
			children = (
				5FDBE7FB2C83478200E623B5 /* AppColors.swift */,
			);
			path = Colors;
			sourceTree = "<group>";
		};
		5FDBE7F72C83459F00E623B5 /* OnboardingScreen */ = {
			isa = PBXGroup;
			children = (
				5FDBE7E42C833C3300E623B5 /* OnboardingView.swift */,
				6DA0B4692C84585D0035751E /* OnboardingViewModel.swift */,
				6DA0B45F2C839EBC0035751E /* OnboardingState.swift */,
				6DA0B46B2C845BD00035751E /* OnboardingAssembly.swift */,
			);
			path = OnboardingScreen;
			sourceTree = "<group>";
		};
		5FDBE7F82C83462200E623B5 /* Extensions */ = {
			isa = PBXGroup;
			children = (
				5FDBE7F92C83463800E623B5 /* Color+Extension.swift */,
				5FDBE7FE2C83480500E623B5 /* View+Extension.swift */,
				6DA0B4542C838D990035751E /* String+Extension.swift */,
				5F54B3A92C83C83F0012E1C0 /* CGSize+Extension.swift */,
				5F4BF3B92C8D26E300F313E2 /* SKProduct+Extensions.swift */,
				5FD00C632C8D3BC9008F2B4B /* EdgeInsets+Extensions.swift */,
			);
			path = Extensions;
			sourceTree = "<group>";
		};
		5FE7DC582CB9B10500001F61 /* ViewModels */ = {
			isa = PBXGroup;
			children = (
				6D363B6D2C888D680053761C /* MusicViewModel.swift */,
			);
			path = ViewModels;
			sourceTree = "<group>";
		};
		5FF254992CB8857E0004E391 /* SubViews */ = {
			isa = PBXGroup;
			children = (
				5FF2549A2CB8859D0004E391 /* NewPlaylistView.swift */,
				5FF2549C2CB886B60004E391 /* DeleteSongView.swift */,
				5FF254A02CB93BA80004E391 /* RenameSongView.swift */,
				5FE7DC592CB9B78400001F61 /* PlayListCell.swift */,
				5FE7DC5B2CB9B9BC00001F61 /* MusicFileRow.swift */,
				6D064CD22CBCADA700571FFA /* CreatePreset.swift */,
			);
			path = SubViews;
			sourceTree = "<group>";
		};
		6D363B5A2C85F26E0053761C /* ModesScreen */ = {
			isa = PBXGroup;
			children = (
				5FE7DC802CBC91A400001F61 /* Modes.swift */,
				6D363B582C85F2690053761C /* ModesView.swift */,
			);
			path = ModesScreen;
			sourceTree = "<group>";
		};
		6D363B5F2C85F9E80053761C /* FeaturesScreen */ = {
			isa = PBXGroup;
			children = (
				5FE7DC7E2CBC90FD00001F61 /* Features.swift */,
				6D363B602C85F9F90053761C /* FeaturesView.swift */,
			);
			path = FeaturesScreen;
			sourceTree = "<group>";
		};
		6D363B6A2C888D240053761C /* HomeScreen */ = {
			isa = PBXGroup;
			children = (
				5FF254992CB8857E0004E391 /* SubViews */,
				6D363B6B2C888D510053761C /* HomeView.swift */,
			);
			path = HomeScreen;
			sourceTree = "<group>";
		};
		6DA0B4512C835A1C0035751E /* Components */ = {
			isa = PBXGroup;
			children = (
				6DA0B4522C835A5C0035751E /* PrimaryButton.swift */,
				6DA0B4562C838EEB0035751E /* OptionsView.swift */,
				6DA0B45D2C839A5E0035751E /* PageIndicator.swift */,
				6D0E33512C8481720087493E /* ProductView.swift */,
				5FD59D952C84EFB400D3508B /* CustomToggle.swift */,
				6D363B712C888E910053761C /* SearchBarView.swift */,
				6D363B732C88A55C0053761C /* PlaylistView.swift */,
				5FD00C612C8D36B7008F2B4B /* TabBarButton.swift */,
				6DE5AE1D2CA9D16B000A9BB2 /* MusicProgressView.swift */,
				6DEED4332CBAECCD00990C34 /* CustomProgressBar.swift */,
				6DEED43B2CBB31BB00990C34 /* PlayerSelectionButton.swift */,
				6DEED4462CBC2FB400990C34 /* CircularProgressView.swift */,
				6DEED4482CBC494800990C34 /* TypeSwitcher.swift */,
				6DEED44E2CBC76FB00990C34 /* BidirectionalSlider.swift */,
				6D064CD02CBCA12900571FFA /* Preset.swift */,
			);
			path = Components;
			sourceTree = "<group>";
		};
		6DA0B46D2C845F3B0035751E /* SubscriptionScreen */ = {
			isa = PBXGroup;
			children = (
				6DA0B4702C845F640035751E /* SubscriptionView.swift */,
				6DA0B46E2C845F560035751E /* SubscriptionViewModel.swift */,
				6DA0B4722C845F750035751E /* SubscriptionAssembly.swift */,
				6DA0B4742C84765A0035751E /* SubscriptionScreenState.swift */,
			);
			path = SubscriptionScreen;
			sourceTree = "<group>";
		};
		6DB326A02CA8BADB003311F1 /* HelveticaNeue */ = {
			isa = PBXGroup;
			children = (
				6DEED4302CBA85EE00990C34 /* Helvetica.ttf */,
				6DEED42F2CBA85EE00990C34 /* HelveticaNeueCyr-Medium.ttf */,
			);
			path = HelveticaNeue;
			sourceTree = "<group>";
		};
		6DE5AE1F2CA9D17D000A9BB2 /* MusicScreen */ = {
			isa = PBXGroup;
			children = (
				6D4600E72C945EBD003F92BC /* MusicView.swift */,
				6D4600E52C945EA0003F92BC /* MusicInfo.swift */,
			);
			path = MusicScreen;
			sourceTree = "<group>";
		};
		6DEED43D2CBBD9F300990C34 /* QuickSand */ = {
			isa = PBXGroup;
			children = (
				6DEED43E2CBBDA0300990C34 /* Quicksand-Bold.ttf */,
			);
			path = QuickSand;
			sourceTree = "<group>";
		};
		6DEED44A2CBC5B0400990C34 /* Inter */ = {
			isa = PBXGroup;
			children = (
				6DEED44B2CBC5B1800990C34 /* Inter_18pt-SemiBold.ttf */,
			);
			path = Inter;
			sourceTree = "<group>";
		};
/* End PBXGroup section */

/* Begin PBXNativeTarget section */
		5FDBE7DE2C833C3300E623B5 /* Bass Booster */ = {
			isa = PBXNativeTarget;
			buildConfigurationList = 5FDBE7ED2C833C3500E623B5 /* Build configuration list for PBXNativeTarget "Bass Booster" */;
			buildPhases = (
				5FDBE7DB2C833C3300E623B5 /* Sources */,
				5FDBE7DC2C833C3300E623B5 /* Frameworks */,
				5FDBE7DD2C833C3300E623B5 /* Resources */,
			);
			buildRules = (
			);
			dependencies = (
			);
			name = "Bass Booster";
			packageProductDependencies = (
				5FADBEBD2C8D00E500ACBC98 /* ApphudSDK */,
				5F727F5D2CB7DFCC00865DD4 /* BottomSheet */,
				5FE7DC832CBCB07C00001F61 /* AudioKit */,
			);
			productName = "Bass Booster";
			productReference = 5FDBE7DF2C833C3300E623B5 /* Bass Booster.app */;
			productType = "com.apple.product-type.application";
		};
/* End PBXNativeTarget section */

/* Begin PBXProject section */
		5FDBE7D72C833C3300E623B5 /* Project object */ = {
			isa = PBXProject;
			attributes = {
				BuildIndependentTargetsInParallel = 1;
				LastSwiftUpdateCheck = 1540;
				LastUpgradeCheck = 1540;
				TargetAttributes = {
					5FDBE7DE2C833C3300E623B5 = {
						CreatedOnToolsVersion = 15.4;
					};
				};
			};
			buildConfigurationList = 5FDBE7DA2C833C3300E623B5 /* Build configuration list for PBXProject "Bass Booster" */;
			compatibilityVersion = "Xcode 14.0";
			developmentRegion = en;
			hasScannedForEncodings = 0;
			knownRegions = (
				en,
				Base,
			);
			mainGroup = 5FDBE7D62C833C3300E623B5;
			packageReferences = (
				5FADBEBC2C8D00E500ACBC98 /* XCRemoteSwiftPackageReference "ApphudSDK" */,
				5F727F5C2CB7DFCC00865DD4 /* XCRemoteSwiftPackageReference "BottomSheet" */,
				5FE7DC822CBCB07C00001F61 /* XCRemoteSwiftPackageReference "AudioKit" */,
			);
			productRefGroup = 5FDBE7E02C833C3300E623B5 /* Products */;
			projectDirPath = "";
			projectRoot = "";
			targets = (
				5FDBE7DE2C833C3300E623B5 /* Bass Booster */,
			);
		};
/* End PBXProject section */

/* Begin PBXResourcesBuildPhase section */
		5FDBE7DD2C833C3300E623B5 /* Resources */ = {
			isa = PBXResourcesBuildPhase;
			buildActionMask = 2147483647;
			files = (
				5F54B3932C83B7760012E1C0 /* SF-Pro-Display-Semibold.ttf in Resources */,
				6DEED4312CBA85EE00990C34 /* HelveticaNeueCyr-Medium.ttf in Resources */,
				5F54B39B2C83B8A60012E1C0 /* SFProText-Medium.ttf in Resources */,
				5F54B3922C83B7760012E1C0 /* SF-Pro-Display-Medium.ttf in Resources */,
				5F54B39E2C83B8A60012E1C0 /* SFProText-Semibold.ttf in Resources */,
				5F54B3962C83B80F0012E1C0 /* SF-Pro-Display-Bold.ttf in Resources */,
				5F54B3A02C83B9120012E1C0 /* SFProText-Light.ttf in Resources */,
				6DEED43F2CBBDA0300990C34 /* Quicksand-Bold.ttf in Resources */,
				5FDBE7EA2C833C3500E623B5 /* Preview Assets.xcassets in Resources */,
				6DEED4322CBA85EE00990C34 /* Helvetica.ttf in Resources */,
				5F54B3942C83B7760012E1C0 /* SF-Pro-Display-Regular.ttf in Resources */,
				6DEED44C2CBC5B1800990C34 /* Inter_18pt-SemiBold.ttf in Resources */,
				5FDBE7E72C833C3500E623B5 /* Assets.xcassets in Resources */,
				5F54B39D2C83B8A60012E1C0 /* SFProText-Bold.ttf in Resources */,
				5F54B39C2C83B8A60012E1C0 /* SFProText-Regular.ttf in Resources */,
			);
			runOnlyForDeploymentPostprocessing = 0;
		};
/* End PBXResourcesBuildPhase section */

/* Begin PBXSourcesBuildPhase section */
		5FDBE7DB2C833C3300E623B5 /* Sources */ = {
			isa = PBXSourcesBuildPhase;
			buildActionMask = 2147483647;
			files = (
				6DEED44F2CBC76FB00990C34 /* BidirectionalSlider.swift in Sources */,
				6D363B722C888E910053761C /* SearchBarView.swift in Sources */,
				6DA0B46C2C845BD00035751E /* OnboardingAssembly.swift in Sources */,
				6DA0B4552C838D990035751E /* String+Extension.swift in Sources */,
				5F54B3A72C83C7F80012E1C0 /* Size.swift in Sources */,
				5FE7DC812CBC91A400001F61 /* Modes.swift in Sources */,
				6D363B6C2C888D510053761C /* HomeView.swift in Sources */,
				5FDBE7E52C833C3300E623B5 /* OnboardingView.swift in Sources */,
				6DEED4342CBAECCD00990C34 /* CustomProgressBar.swift in Sources */,
				5FDBE7F62C83441000E623B5 /* Typography.swift in Sources */,
				5FE7DC7D2CBC884000001F61 /* Settings.swift in Sources */,
				5FDBE7E32C833C3300E623B5 /* BassBoosterApp.swift in Sources */,
				5FE7DC5C2CB9B9BC00001F61 /* MusicFileRow.swift in Sources */,
				6D363B6E2C888D680053761C /* MusicViewModel.swift in Sources */,
				5FDBE7FC2C83478200E623B5 /* AppColors.swift in Sources */,
				5F54B3B52C83D5260012E1C0 /* URLManager.swift in Sources */,
				5F54B3AC2C83C8D00012E1C0 /* Space.swift in Sources */,
				5F4BF3BA2C8D26E300F313E2 /* SKProduct+Extensions.swift in Sources */,
				5FD00C622C8D36B7008F2B4B /* TabBarButton.swift in Sources */,
				5FE7DC5A2CB9B78400001F61 /* PlayListCell.swift in Sources */,
				6D363B592C85F26A0053761C /* ModesView.swift in Sources */,
				5FE7DC7F2CBC90FD00001F61 /* Features.swift in Sources */,
				6DA0B4532C835A5C0035751E /* PrimaryButton.swift in Sources */,
				5FF254A12CB93BA80004E391 /* RenameSongView.swift in Sources */,
				5F3D3A7F2CA8AC3200CD9D5A /* DataManager.swift in Sources */,
				6DA0B4572C838EEB0035751E /* OptionsView.swift in Sources */,
				5F2DA4C92CA8C245009EA6D0 /* BassBoosterData.xcdatamodeld in Sources */,
				6D4600E82C945EBD003F92BC /* MusicView.swift in Sources */,
				6D064CD32CBCADA700571FFA /* CreatePreset.swift in Sources */,
				5FD00C672C8E1A5E008F2B4B /* SettingsView.swift in Sources */,
				5FF2549D2CB886B60004E391 /* DeleteSongView.swift in Sources */,
				5FDBE7FF2C83480500E623B5 /* View+Extension.swift in Sources */,
				6DE5AE1E2CA9D16B000A9BB2 /* MusicProgressView.swift in Sources */,
				5F54B3A42C83C7830012E1C0 /* CornerRadius.swift in Sources */,
				6D4600E62C945EA0003F92BC /* MusicInfo.swift in Sources */,
				5F54B3AE2C83CE110012E1C0 /* AppDelegate.swift in Sources */,
				6DA0B46F2C845F560035751E /* SubscriptionViewModel.swift in Sources */,
				6DA0B4602C839EBC0035751E /* OnboardingState.swift in Sources */,
				6DA0B46A2C84585E0035751E /* OnboardingViewModel.swift in Sources */,
				5F3D3A7C2CA8ABDF00CD9D5A /* FileManager.swift in Sources */,
				6D0E33522C8481720087493E /* ProductView.swift in Sources */,
				6D064CD12CBCA12900571FFA /* Preset.swift in Sources */,
				6DA0B4732C845F750035751E /* SubscriptionAssembly.swift in Sources */,
				6DA0B4752C84765A0035751E /* SubscriptionScreenState.swift in Sources */,
				5F4BF3B82C8D238C00F313E2 /* PurchaseManager.swift in Sources */,
				6D363B742C88A55C0053761C /* PlaylistView.swift in Sources */,
				6DEED4492CBC494800990C34 /* TypeSwitcher.swift in Sources */,
				5FD59D962C84EFB400D3508B /* CustomToggle.swift in Sources */,
				6DEED43C2CBB31BB00990C34 /* PlayerSelectionButton.swift in Sources */,
				5FD59D942C84EC9200D3508B /* MainTabView.swift in Sources */,
				5FDBE7FA2C83463800E623B5 /* Color+Extension.swift in Sources */,
				5F54B3AA2C83C83F0012E1C0 /* CGSize+Extension.swift in Sources */,
				5FD00C642C8D3BC9008F2B4B /* EdgeInsets+Extensions.swift in Sources */,
				6D363B612C85F9F90053761C /* FeaturesView.swift in Sources */,
				6DA0B4712C845F640035751E /* SubscriptionView.swift in Sources */,
				5FD00C602C8D35FE008F2B4B /* MainTabAssembly.swift in Sources */,
				6DA0B45E2C839A5E0035751E /* PageIndicator.swift in Sources */,
				6DEED4472CBC2FB400990C34 /* CircularProgressView.swift in Sources */,
				5FF2549B2CB8859D0004E391 /* NewPlaylistView.swift in Sources */,
			);
			runOnlyForDeploymentPostprocessing = 0;
		};
/* End PBXSourcesBuildPhase section */

/* Begin XCBuildConfiguration section */
		5FDBE7EB2C833C3500E623B5 /* Debug */ = {
			isa = XCBuildConfiguration;
			buildSettings = {
				ALWAYS_SEARCH_USER_PATHS = NO;
				ASSETCATALOG_COMPILER_GENERATE_SWIFT_ASSET_SYMBOL_EXTENSIONS = YES;
				CLANG_ANALYZER_NONNULL = YES;
				CLANG_ANALYZER_NUMBER_OBJECT_CONVERSION = YES_AGGRESSIVE;
				CLANG_CXX_LANGUAGE_STANDARD = "gnu++20";
				CLANG_ENABLE_MODULES = YES;
				CLANG_ENABLE_OBJC_ARC = YES;
				CLANG_ENABLE_OBJC_WEAK = YES;
				CLANG_WARN_BLOCK_CAPTURE_AUTORELEASING = YES;
				CLANG_WARN_BOOL_CONVERSION = YES;
				CLANG_WARN_COMMA = YES;
				CLANG_WARN_CONSTANT_CONVERSION = YES;
				CLANG_WARN_DEPRECATED_OBJC_IMPLEMENTATIONS = YES;
				CLANG_WARN_DIRECT_OBJC_ISA_USAGE = YES_ERROR;
				CLANG_WARN_DOCUMENTATION_COMMENTS = YES;
				CLANG_WARN_EMPTY_BODY = YES;
				CLANG_WARN_ENUM_CONVERSION = YES;
				CLANG_WARN_INFINITE_RECURSION = YES;
				CLANG_WARN_INT_CONVERSION = YES;
				CLANG_WARN_NON_LITERAL_NULL_CONVERSION = YES;
				CLANG_WARN_OBJC_IMPLICIT_RETAIN_SELF = YES;
				CLANG_WARN_OBJC_LITERAL_CONVERSION = YES;
				CLANG_WARN_OBJC_ROOT_CLASS = YES_ERROR;
				CLANG_WARN_QUOTED_INCLUDE_IN_FRAMEWORK_HEADER = YES;
				CLANG_WARN_RANGE_LOOP_ANALYSIS = YES;
				CLANG_WARN_STRICT_PROTOTYPES = YES;
				CLANG_WARN_SUSPICIOUS_MOVE = YES;
				CLANG_WARN_UNGUARDED_AVAILABILITY = YES_AGGRESSIVE;
				CLANG_WARN_UNREACHABLE_CODE = YES;
				CLANG_WARN__DUPLICATE_METHOD_MATCH = YES;
				COPY_PHASE_STRIP = NO;
				DEBUG_INFORMATION_FORMAT = dwarf;
				ENABLE_STRICT_OBJC_MSGSEND = YES;
				ENABLE_TESTABILITY = YES;
				ENABLE_USER_SCRIPT_SANDBOXING = YES;
				GCC_C_LANGUAGE_STANDARD = gnu17;
				GCC_DYNAMIC_NO_PIC = NO;
				GCC_NO_COMMON_BLOCKS = YES;
				GCC_OPTIMIZATION_LEVEL = 0;
				GCC_PREPROCESSOR_DEFINITIONS = (
					"DEBUG=1",
					"$(inherited)",
				);
				GCC_WARN_64_TO_32_BIT_CONVERSION = YES;
				GCC_WARN_ABOUT_RETURN_TYPE = YES_ERROR;
				GCC_WARN_UNDECLARED_SELECTOR = YES;
				GCC_WARN_UNINITIALIZED_AUTOS = YES_AGGRESSIVE;
				GCC_WARN_UNUSED_FUNCTION = YES;
				GCC_WARN_UNUSED_VARIABLE = YES;
				IPHONEOS_DEPLOYMENT_TARGET = 17.0;
				LOCALIZATION_PREFERS_STRING_CATALOGS = YES;
				MTL_ENABLE_DEBUG_INFO = INCLUDE_SOURCE;
				MTL_FAST_MATH = YES;
				ONLY_ACTIVE_ARCH = YES;
				SDKROOT = iphoneos;
				SWIFT_ACTIVE_COMPILATION_CONDITIONS = "DEBUG $(inherited)";
				SWIFT_OPTIMIZATION_LEVEL = "-Onone";
			};
			name = Debug;
		};
		5FDBE7EC2C833C3500E623B5 /* Release */ = {
			isa = XCBuildConfiguration;
			buildSettings = {
				ALWAYS_SEARCH_USER_PATHS = NO;
				ASSETCATALOG_COMPILER_GENERATE_SWIFT_ASSET_SYMBOL_EXTENSIONS = YES;
				CLANG_ANALYZER_NONNULL = YES;
				CLANG_ANALYZER_NUMBER_OBJECT_CONVERSION = YES_AGGRESSIVE;
				CLANG_CXX_LANGUAGE_STANDARD = "gnu++20";
				CLANG_ENABLE_MODULES = YES;
				CLANG_ENABLE_OBJC_ARC = YES;
				CLANG_ENABLE_OBJC_WEAK = YES;
				CLANG_WARN_BLOCK_CAPTURE_AUTORELEASING = YES;
				CLANG_WARN_BOOL_CONVERSION = YES;
				CLANG_WARN_COMMA = YES;
				CLANG_WARN_CONSTANT_CONVERSION = YES;
				CLANG_WARN_DEPRECATED_OBJC_IMPLEMENTATIONS = YES;
				CLANG_WARN_DIRECT_OBJC_ISA_USAGE = YES_ERROR;
				CLANG_WARN_DOCUMENTATION_COMMENTS = YES;
				CLANG_WARN_EMPTY_BODY = YES;
				CLANG_WARN_ENUM_CONVERSION = YES;
				CLANG_WARN_INFINITE_RECURSION = YES;
				CLANG_WARN_INT_CONVERSION = YES;
				CLANG_WARN_NON_LITERAL_NULL_CONVERSION = YES;
				CLANG_WARN_OBJC_IMPLICIT_RETAIN_SELF = YES;
				CLANG_WARN_OBJC_LITERAL_CONVERSION = YES;
				CLANG_WARN_OBJC_ROOT_CLASS = YES_ERROR;
				CLANG_WARN_QUOTED_INCLUDE_IN_FRAMEWORK_HEADER = YES;
				CLANG_WARN_RANGE_LOOP_ANALYSIS = YES;
				CLANG_WARN_STRICT_PROTOTYPES = YES;
				CLANG_WARN_SUSPICIOUS_MOVE = YES;
				CLANG_WARN_UNGUARDED_AVAILABILITY = YES_AGGRESSIVE;
				CLANG_WARN_UNREACHABLE_CODE = YES;
				CLANG_WARN__DUPLICATE_METHOD_MATCH = YES;
				COPY_PHASE_STRIP = NO;
				DEBUG_INFORMATION_FORMAT = "dwarf-with-dsym";
				ENABLE_NS_ASSERTIONS = NO;
				ENABLE_STRICT_OBJC_MSGSEND = YES;
				ENABLE_USER_SCRIPT_SANDBOXING = YES;
				GCC_C_LANGUAGE_STANDARD = gnu17;
				GCC_NO_COMMON_BLOCKS = YES;
				GCC_WARN_64_TO_32_BIT_CONVERSION = YES;
				GCC_WARN_ABOUT_RETURN_TYPE = YES_ERROR;
				GCC_WARN_UNDECLARED_SELECTOR = YES;
				GCC_WARN_UNINITIALIZED_AUTOS = YES_AGGRESSIVE;
				GCC_WARN_UNUSED_FUNCTION = YES;
				GCC_WARN_UNUSED_VARIABLE = YES;
				IPHONEOS_DEPLOYMENT_TARGET = 17.0;
				LOCALIZATION_PREFERS_STRING_CATALOGS = YES;
				MTL_ENABLE_DEBUG_INFO = NO;
				MTL_FAST_MATH = YES;
				SDKROOT = iphoneos;
				SWIFT_COMPILATION_MODE = wholemodule;
				VALIDATE_PRODUCT = YES;
			};
			name = Release;
		};
		5FDBE7EE2C833C3500E623B5 /* Debug */ = {
			isa = XCBuildConfiguration;
			buildSettings = {
				ASSETCATALOG_COMPILER_APPICON_NAME = AppIcon;
				ASSETCATALOG_COMPILER_GLOBAL_ACCENT_COLOR_NAME = AccentColor;
				CODE_SIGN_STYLE = Automatic;
				CURRENT_PROJECT_VERSION = 1;
				DEVELOPMENT_ASSET_PATHS = "\"Bass Booster/Preview Content\"";
				DEVELOPMENT_TEAM = HVE9NJE8L3;
				ENABLE_PREVIEWS = YES;
				GENERATE_INFOPLIST_FILE = YES;
				INFOPLIST_FILE = Info.plist;
				INFOPLIST_KEY_CFBundleDisplayName = "Bass Booster";
				INFOPLIST_KEY_NSUserTrackingUsageDescription = "This identifier will be used to deliver personalized ads to you.";
				INFOPLIST_KEY_UIApplicationSceneManifest_Generation = YES;
				INFOPLIST_KEY_UIApplicationSupportsIndirectInputEvents = YES;
				INFOPLIST_KEY_UILaunchScreen_Generation = YES;
				INFOPLIST_KEY_UISupportedInterfaceOrientations = UIInterfaceOrientationPortrait;
				INFOPLIST_KEY_UISupportedInterfaceOrientations_iPad = "UIInterfaceOrientationLandscapeLeft UIInterfaceOrientationLandscapeRight UIInterfaceOrientationPortrait UIInterfaceOrientationPortraitUpsideDown";
				IPHONEOS_DEPLOYMENT_TARGET = 17.0;
				LD_RUNPATH_SEARCH_PATHS = (
					"$(inherited)",
					"@executable_path/Frameworks",
				);
				MARKETING_VERSION = 1.0;
				PRODUCT_BUNDLE_IDENTIFIER = com.nov.pdfscanner;
				PRODUCT_NAME = "$(TARGET_NAME)";
				SUPPORTED_PLATFORMS = "iphoneos iphonesimulator";
				SUPPORTS_MACCATALYST = NO;
				SWIFT_EMIT_LOC_STRINGS = YES;
				SWIFT_VERSION = 5.0;
				TARGETED_DEVICE_FAMILY = 1;
			};
			name = Debug;
		};
		5FDBE7EF2C833C3500E623B5 /* Release */ = {
			isa = XCBuildConfiguration;
			buildSettings = {
				ASSETCATALOG_COMPILER_APPICON_NAME = AppIcon;
				ASSETCATALOG_COMPILER_GLOBAL_ACCENT_COLOR_NAME = AccentColor;
				CODE_SIGN_STYLE = Automatic;
				CURRENT_PROJECT_VERSION = 1;
				DEVELOPMENT_ASSET_PATHS = "\"Bass Booster/Preview Content\"";
				DEVELOPMENT_TEAM = TA68JDW69Z;
				ENABLE_PREVIEWS = YES;
				GENERATE_INFOPLIST_FILE = YES;
				INFOPLIST_FILE = Info.plist;
				INFOPLIST_KEY_CFBundleDisplayName = "Bass Booster";
				INFOPLIST_KEY_NSUserTrackingUsageDescription = "This identifier will be used to deliver personalized ads to you.";
				INFOPLIST_KEY_UIApplicationSceneManifest_Generation = YES;
				INFOPLIST_KEY_UIApplicationSupportsIndirectInputEvents = YES;
				INFOPLIST_KEY_UILaunchScreen_Generation = YES;
				INFOPLIST_KEY_UISupportedInterfaceOrientations = UIInterfaceOrientationPortrait;
				INFOPLIST_KEY_UISupportedInterfaceOrientations_iPad = "UIInterfaceOrientationLandscapeLeft UIInterfaceOrientationLandscapeRight UIInterfaceOrientationPortrait UIInterfaceOrientationPortraitUpsideDown";
				IPHONEOS_DEPLOYMENT_TARGET = 17.0;
				LD_RUNPATH_SEARCH_PATHS = (
					"$(inherited)",
					"@executable_path/Frameworks",
				);
				MARKETING_VERSION = 1.0;
				PRODUCT_BUNDLE_IDENTIFIER = com.nov.pdfscanner;
				PRODUCT_NAME = "$(TARGET_NAME)";
				SUPPORTED_PLATFORMS = "iphoneos iphonesimulator";
				SUPPORTS_MACCATALYST = NO;
				SWIFT_EMIT_LOC_STRINGS = YES;
				SWIFT_VERSION = 5.0;
				TARGETED_DEVICE_FAMILY = 1;
			};
			name = Release;
		};
/* End XCBuildConfiguration section */

/* Begin XCConfigurationList section */
		5FDBE7DA2C833C3300E623B5 /* Build configuration list for PBXProject "Bass Booster" */ = {
			isa = XCConfigurationList;
			buildConfigurations = (
				5FDBE7EB2C833C3500E623B5 /* Debug */,
				5FDBE7EC2C833C3500E623B5 /* Release */,
			);
			defaultConfigurationIsVisible = 0;
			defaultConfigurationName = Release;
		};
		5FDBE7ED2C833C3500E623B5 /* Build configuration list for PBXNativeTarget "Bass Booster" */ = {
			isa = XCConfigurationList;
			buildConfigurations = (
				5FDBE7EE2C833C3500E623B5 /* Debug */,
				5FDBE7EF2C833C3500E623B5 /* Release */,
			);
			defaultConfigurationIsVisible = 0;
			defaultConfigurationName = Release;
		};
/* End XCConfigurationList section */

/* Begin XCRemoteSwiftPackageReference section */
		5F727F5C2CB7DFCC00865DD4 /* XCRemoteSwiftPackageReference "BottomSheet" */ = {
			isa = XCRemoteSwiftPackageReference;
			repositoryURL = "git@github.com:lucaszischka/BottomSheet.git";
			requirement = {
				kind = upToNextMajorVersion;
				minimumVersion = 3.1.1;
			};
		};
		5FADBEBC2C8D00E500ACBC98 /* XCRemoteSwiftPackageReference "ApphudSDK" */ = {
			isa = XCRemoteSwiftPackageReference;
			repositoryURL = "git@github.com:apphud/ApphudSDK.git";
			requirement = {
				kind = upToNextMajorVersion;
				minimumVersion = 3.4.0;
			};
		};
		5FE7DC822CBCB07C00001F61 /* XCRemoteSwiftPackageReference "AudioKit" */ = {
			isa = XCRemoteSwiftPackageReference;
			repositoryURL = "https://github.com/AudioKit/AudioKit";
			requirement = {
				kind = upToNextMajorVersion;
				minimumVersion = 5.6.4;
			};
		};
/* End XCRemoteSwiftPackageReference section */

/* Begin XCSwiftPackageProductDependency section */
		5F727F5D2CB7DFCC00865DD4 /* BottomSheet */ = {
			isa = XCSwiftPackageProductDependency;
			package = 5F727F5C2CB7DFCC00865DD4 /* XCRemoteSwiftPackageReference "BottomSheet" */;
			productName = BottomSheet;
		};
		5FADBEBD2C8D00E500ACBC98 /* ApphudSDK */ = {
			isa = XCSwiftPackageProductDependency;
			package = 5FADBEBC2C8D00E500ACBC98 /* XCRemoteSwiftPackageReference "ApphudSDK" */;
			productName = ApphudSDK;
		};
		5FE7DC832CBCB07C00001F61 /* AudioKit */ = {
			isa = XCSwiftPackageProductDependency;
			package = 5FE7DC822CBCB07C00001F61 /* XCRemoteSwiftPackageReference "AudioKit" */;
			productName = AudioKit;
		};
/* End XCSwiftPackageProductDependency section */

/* Begin XCVersionGroup section */
		5F2DA4C72CA8C245009EA6D0 /* BassBoosterData.xcdatamodeld */ = {
			isa = XCVersionGroup;
			children = (
				5F2DA4C82CA8C245009EA6D0 /* BassBoosterData.xcdatamodel */,
			);
			currentVersion = 5F2DA4C82CA8C245009EA6D0 /* BassBoosterData.xcdatamodel */;
			path = BassBoosterData.xcdatamodeld;
			sourceTree = "<group>";
			versionGroupType = wrapper.xcdatamodel;
		};
/* End XCVersionGroup section */
	};
	rootObject = 5FDBE7D72C833C3300E623B5 /* Project object */;
}
