// !$*UTF8*$!
{
	archiveVersion = 1;
	classes = {
	};
	objectVersion = 56;
	objects = {

/* Begin PBXBuildFile section */
		5FDBE7E32C833C3300E623B5 /* BassBoosterApp.swift in Sources */ = {isa = PBXBuildFile; fileRef = 5FDBE7E22C833C3300E623B5 /* BassBoosterApp.swift */; };
		5FDBE7E52C833C3300E623B5 /* OnboardingView.swift in Sources */ = {isa = PBXBuildFile; fileRef = 5FDBE7E42C833C3300E623B5 /* OnboardingView.swift */; };
		5FDBE7E72C833C3500E623B5 /* Assets.xcassets in Resources */ = {isa = PBXBuildFile; fileRef = 5FDBE7E62C833C3500E623B5 /* Assets.xcassets */; };
		5FDBE7EA2C833C3500E623B5 /* Preview Assets.xcassets in Resources */ = {isa = PBXBuildFile; fileRef = 5FDBE7E92C833C3500E623B5 /* Preview Assets.xcassets */; };
		5FDBE7F62C83441000E623B5 /* Typography.swift in Sources */ = {isa = PBXBuildFile; fileRef = 5FDBE7F52C83441000E623B5 /* Typography.swift */; };
		5FDBE7FA2C83463800E623B5 /* Color+Extension.swift in Sources */ = {isa = PBXBuildFile; fileRef = 5FDBE7F92C83463800E623B5 /* Color+Extension.swift */; };
		5FDBE7FC2C83478200E623B5 /* AppColors.swift in Sources */ = {isa = PBXBuildFile; fileRef = 5FDBE7FB2C83478200E623B5 /* AppColors.swift */; };
		5FDBE7FF2C83480500E623B5 /* View+Extension.swift in Sources */ = {isa = PBXBuildFile; fileRef = 5FDBE7FE2C83480500E623B5 /* View+Extension.swift */; };
		6DA0B4532C835A5C0035751E /* SelectionButton.swift in Sources */ = {isa = PBXBuildFile; fileRef = 6DA0B4522C835A5C0035751E /* SelectionButton.swift */; };
		6DA0B4552C838D990035751E /* String+Extension.swift in Sources */ = {isa = PBXBuildFile; fileRef = 6DA0B4542C838D990035751E /* String+Extension.swift */; };
		6DA0B4572C838EEB0035751E /* SubscriptionFunctionsView.swift in Sources */ = {isa = PBXBuildFile; fileRef = 6DA0B4562C838EEB0035751E /* SubscriptionFunctionsView.swift */; };
		6DA0B45E2C839A5E0035751E /* PageIndicatorView.swift in Sources */ = {isa = PBXBuildFile; fileRef = 6DA0B45D2C839A5E0035751E /* PageIndicatorView.swift */; };
/* End PBXBuildFile section */

/* Begin PBXFileReference section */
		5FDBE7DF2C833C3300E623B5 /* Bass Booster.app */ = {isa = PBXFileReference; explicitFileType = wrapper.application; includeInIndex = 0; path = "Bass Booster.app"; sourceTree = BUILT_PRODUCTS_DIR; };
		5FDBE7E22C833C3300E623B5 /* BassBoosterApp.swift */ = {isa = PBXFileReference; lastKnownFileType = sourcecode.swift; path = BassBoosterApp.swift; sourceTree = "<group>"; };
		5FDBE7E42C833C3300E623B5 /* OnboardingView.swift */ = {isa = PBXFileReference; lastKnownFileType = sourcecode.swift; path = OnboardingView.swift; sourceTree = "<group>"; };
		5FDBE7E62C833C3500E623B5 /* Assets.xcassets */ = {isa = PBXFileReference; lastKnownFileType = folder.assetcatalog; path = Assets.xcassets; sourceTree = "<group>"; };
		5FDBE7E92C833C3500E623B5 /* Preview Assets.xcassets */ = {isa = PBXFileReference; lastKnownFileType = folder.assetcatalog; path = "Preview Assets.xcassets"; sourceTree = "<group>"; };
		5FDBE7F52C83441000E623B5 /* Typography.swift */ = {isa = PBXFileReference; lastKnownFileType = sourcecode.swift; path = Typography.swift; sourceTree = "<group>"; };
		5FDBE7F92C83463800E623B5 /* Color+Extension.swift */ = {isa = PBXFileReference; lastKnownFileType = sourcecode.swift; path = "Color+Extension.swift"; sourceTree = "<group>"; };
		5FDBE7FB2C83478200E623B5 /* AppColors.swift */ = {isa = PBXFileReference; lastKnownFileType = sourcecode.swift; path = AppColors.swift; sourceTree = "<group>"; };
		5FDBE7FE2C83480500E623B5 /* View+Extension.swift */ = {isa = PBXFileReference; lastKnownFileType = sourcecode.swift; path = "View+Extension.swift"; sourceTree = "<group>"; };
		6DA0B4522C835A5C0035751E /* SelectionButton.swift */ = {isa = PBXFileReference; lastKnownFileType = sourcecode.swift; path = SelectionButton.swift; sourceTree = "<group>"; };
		6DA0B4542C838D990035751E /* String+Extension.swift */ = {isa = PBXFileReference; lastKnownFileType = sourcecode.swift; path = "String+Extension.swift"; sourceTree = "<group>"; };
		6DA0B4562C838EEB0035751E /* SubscriptionFunctionsView.swift */ = {isa = PBXFileReference; lastKnownFileType = sourcecode.swift; path = SubscriptionFunctionsView.swift; sourceTree = "<group>"; };
		6DA0B45D2C839A5E0035751E /* PageIndicatorView.swift */ = {isa = PBXFileReference; lastKnownFileType = sourcecode.swift; path = PageIndicatorView.swift; sourceTree = "<group>"; };
/* End PBXFileReference section */

/* Begin PBXFrameworksBuildPhase section */
		5FDBE7DC2C833C3300E623B5 /* Frameworks */ = {
			isa = PBXFrameworksBuildPhase;
			buildActionMask = 2147483647;
			files = (
			);
			runOnlyForDeploymentPostprocessing = 0;
		};
/* End PBXFrameworksBuildPhase section */

/* Begin PBXGroup section */
		5FDBE7D62C833C3300E623B5 = {
			isa = PBXGroup;
			children = (
				5FDBE7E12C833C3300E623B5 /* Bass Booster */,
				5FDBE7E02C833C3300E623B5 /* Products */,
			);
			sourceTree = "<group>";
		};
		5FDBE7E02C833C3300E623B5 /* Products */ = {
			isa = PBXGroup;
			children = (
				5FDBE7DF2C833C3300E623B5 /* Bass Booster.app */,
			);
			name = Products;
			sourceTree = "<group>";
		};
		5FDBE7E12C833C3300E623B5 /* Bass Booster */ = {
			isa = PBXGroup;
			children = (
				6DA0B4582C8395DE0035751E /* ViewModifiers */,
				6DA0B4512C835A1C0035751E /* UIComponents */,
				5FDBE7F82C83462200E623B5 /* Extensions */,
				5FDBE7F22C833F6C00E623B5 /* Resources */,
				5FDBE7F12C833DE300E623B5 /* Screens */,
				5FDBE7F02C833DC800E623B5 /* App */,
				5FDBE7E62C833C3500E623B5 /* Assets.xcassets */,
				5FDBE7E82C833C3500E623B5 /* Preview Content */,
			);
			path = "Bass Booster";
			sourceTree = "<group>";
		};
		5FDBE7E82C833C3500E623B5 /* Preview Content */ = {
			isa = PBXGroup;
			children = (
				5FDBE7E92C833C3500E623B5 /* Preview Assets.xcassets */,
			);
			path = "Preview Content";
			sourceTree = "<group>";
		};
		5FDBE7F02C833DC800E623B5 /* App */ = {
			isa = PBXGroup;
			children = (
				5FDBE7E22C833C3300E623B5 /* BassBoosterApp.swift */,
			);
			path = App;
			sourceTree = "<group>";
		};
		5FDBE7F12C833DE300E623B5 /* Screens */ = {
			isa = PBXGroup;
			children = (
				5FDBE7F72C83459F00E623B5 /* OnboardingScreen */,
			);
			path = Screens;
			sourceTree = "<group>";
		};
		5FDBE7F22C833F6C00E623B5 /* Resources */ = {
			isa = PBXGroup;
			children = (
				5FDBE7F42C833F9400E623B5 /* Colors */,
				5FDBE7F32C833F8800E623B5 /* Fonts */,
			);
			path = Resources;
			sourceTree = "<group>";
		};
		5FDBE7F32C833F8800E623B5 /* Fonts */ = {
			isa = PBXGroup;
			children = (
				5FDBE7F52C83441000E623B5 /* Typography.swift */,
			);
			path = Fonts;
			sourceTree = "<group>";
		};
		5FDBE7F42C833F9400E623B5 /* Colors */ = {
			isa = PBXGroup;
			children = (
				5FDBE7FB2C83478200E623B5 /* AppColors.swift */,
			);
			path = Colors;
			sourceTree = "<group>";
		};
		5FDBE7F72C83459F00E623B5 /* OnboardingScreen */ = {
			isa = PBXGroup;
			children = (
				5FDBE7E42C833C3300E623B5 /* OnboardingView.swift */,
			);
			path = OnboardingScreen;
			sourceTree = "<group>";
		};
		5FDBE7F82C83462200E623B5 /* Extensions */ = {
			isa = PBXGroup;
			children = (
				5FDBE7F92C83463800E623B5 /* Color+Extension.swift */,
				5FDBE7FE2C83480500E623B5 /* View+Extension.swift */,
				6DA0B4542C838D990035751E /* String+Extension.swift */,
			);
			path = Extensions;
			sourceTree = "<group>";
		};
		6DA0B4512C835A1C0035751E /* UIComponents */ = {
			isa = PBXGroup;
			children = (
				6DA0B4522C835A5C0035751E /* SelectionButton.swift */,
				6DA0B4562C838EEB0035751E /* SubscriptionFunctionsView.swift */,
				6DA0B45D2C839A5E0035751E /* PageIndicatorView.swift */,
			);
			path = UIComponents;
			sourceTree = "<group>";
		};
		6DA0B4582C8395DE0035751E /* ViewModifiers */ = {
			isa = PBXGroup;
			children = (
			);
			path = ViewModifiers;
			sourceTree = "<group>";
		};
/* End PBXGroup section */

/* Begin PBXNativeTarget section */
		5FDBE7DE2C833C3300E623B5 /* Bass Booster */ = {
			isa = PBXNativeTarget;
			buildConfigurationList = 5FDBE7ED2C833C3500E623B5 /* Build configuration list for PBXNativeTarget "Bass Booster" */;
			buildPhases = (
				5FDBE7DB2C833C3300E623B5 /* Sources */,
				5FDBE7DC2C833C3300E623B5 /* Frameworks */,
				5FDBE7DD2C833C3300E623B5 /* Resources */,
			);
			buildRules = (
			);
			dependencies = (
			);
			name = "Bass Booster";
			productName = "Bass Booster";
			productReference = 5FDBE7DF2C833C3300E623B5 /* Bass Booster.app */;
			productType = "com.apple.product-type.application";
		};
/* End PBXNativeTarget section */

/* Begin PBXProject section */
		5FDBE7D72C833C3300E623B5 /* Project object */ = {
			isa = PBXProject;
			attributes = {
				BuildIndependentTargetsInParallel = 1;
				LastSwiftUpdateCheck = 1540;
				LastUpgradeCheck = 1540;
				TargetAttributes = {
					5FDBE7DE2C833C3300E623B5 = {
						CreatedOnToolsVersion = 15.4;
					};
				};
			};
			buildConfigurationList = 5FDBE7DA2C833C3300E623B5 /* Build configuration list for PBXProject "Bass Booster" */;
			compatibilityVersion = "Xcode 14.0";
			developmentRegion = en;
			hasScannedForEncodings = 0;
			knownRegions = (
				en,
				Base,
			);
			mainGroup = 5FDBE7D62C833C3300E623B5;
			productRefGroup = 5FDBE7E02C833C3300E623B5 /* Products */;
			projectDirPath = "";
			projectRoot = "";
			targets = (
				5FDBE7DE2C833C3300E623B5 /* Bass Booster */,
			);
		};
/* End PBXProject section */

/* Begin PBXResourcesBuildPhase section */
		5FDBE7DD2C833C3300E623B5 /* Resources */ = {
			isa = PBXResourcesBuildPhase;
			buildActionMask = 2147483647;
			files = (
				5FDBE7EA2C833C3500E623B5 /* Preview Assets.xcassets in Resources */,
				5FDBE7E72C833C3500E623B5 /* Assets.xcassets in Resources */,
			);
			runOnlyForDeploymentPostprocessing = 0;
		};
/* End PBXResourcesBuildPhase section */

/* Begin PBXSourcesBuildPhase section */
		5FDBE7DB2C833C3300E623B5 /* Sources */ = {
			isa = PBXSourcesBuildPhase;
			buildActionMask = 2147483647;
			files = (
				6DA0B4552C838D990035751E /* String+Extension.swift in Sources */,
				5FDBE7E52C833C3300E623B5 /* OnboardingView.swift in Sources */,
				5FDBE7F62C83441000E623B5 /* Typography.swift in Sources */,
				5FDBE7E32C833C3300E623B5 /* BassBoosterApp.swift in Sources */,
				5FDBE7FC2C83478200E623B5 /* AppColors.swift in Sources */,
				6DA0B4532C835A5C0035751E /* SelectionButton.swift in Sources */,
				6DA0B4572C838EEB0035751E /* SubscriptionFunctionsView.swift in Sources */,
				5FDBE7FF2C83480500E623B5 /* View+Extension.swift in Sources */,
				5FDBE7FA2C83463800E623B5 /* Color+Extension.swift in Sources */,
				6DA0B45E2C839A5E0035751E /* PageIndicatorView.swift in Sources */,
			);
			runOnlyForDeploymentPostprocessing = 0;
		};
/* End PBXSourcesBuildPhase section */

/* Begin XCBuildConfiguration section */
		5FDBE7EB2C833C3500E623B5 /* Debug */ = {
			isa = XCBuildConfiguration;
			buildSettings = {
				ALWAYS_SEARCH_USER_PATHS = NO;
				ASSETCATALOG_COMPILER_GENERATE_SWIFT_ASSET_SYMBOL_EXTENSIONS = YES;
				CLANG_ANALYZER_NONNULL = YES;
				CLANG_ANALYZER_NUMBER_OBJECT_CONVERSION = YES_AGGRESSIVE;
				CLANG_CXX_LANGUAGE_STANDARD = "gnu++20";
				CLANG_ENABLE_MODULES = YES;
				CLANG_ENABLE_OBJC_ARC = YES;
				CLANG_ENABLE_OBJC_WEAK = YES;
				CLANG_WARN_BLOCK_CAPTURE_AUTORELEASING = YES;
				CLANG_WARN_BOOL_CONVERSION = YES;
				CLANG_WARN_COMMA = YES;
				CLANG_WARN_CONSTANT_CONVERSION = YES;
				CLANG_WARN_DEPRECATED_OBJC_IMPLEMENTATIONS = YES;
				CLANG_WARN_DIRECT_OBJC_ISA_USAGE = YES_ERROR;
				CLANG_WARN_DOCUMENTATION_COMMENTS = YES;
				CLANG_WARN_EMPTY_BODY = YES;
				CLANG_WARN_ENUM_CONVERSION = YES;
				CLANG_WARN_INFINITE_RECURSION = YES;
				CLANG_WARN_INT_CONVERSION = YES;
				CLANG_WARN_NON_LITERAL_NULL_CONVERSION = YES;
				CLANG_WARN_OBJC_IMPLICIT_RETAIN_SELF = YES;
				CLANG_WARN_OBJC_LITERAL_CONVERSION = YES;
				CLANG_WARN_OBJC_ROOT_CLASS = YES_ERROR;
				CLANG_WARN_QUOTED_INCLUDE_IN_FRAMEWORK_HEADER = YES;
				CLANG_WARN_RANGE_LOOP_ANALYSIS = YES;
				CLANG_WARN_STRICT_PROTOTYPES = YES;
				CLANG_WARN_SUSPICIOUS_MOVE = YES;
				CLANG_WARN_UNGUARDED_AVAILABILITY = YES_AGGRESSIVE;
				CLANG_WARN_UNREACHABLE_CODE = YES;
				CLANG_WARN__DUPLICATE_METHOD_MATCH = YES;
				COPY_PHASE_STRIP = NO;
				DEBUG_INFORMATION_FORMAT = dwarf;
				ENABLE_STRICT_OBJC_MSGSEND = YES;
				ENABLE_TESTABILITY = YES;
				ENABLE_USER_SCRIPT_SANDBOXING = YES;
				GCC_C_LANGUAGE_STANDARD = gnu17;
				GCC_DYNAMIC_NO_PIC = NO;
				GCC_NO_COMMON_BLOCKS = YES;
				GCC_OPTIMIZATION_LEVEL = 0;
				GCC_PREPROCESSOR_DEFINITIONS = (
					"DEBUG=1",
					"$(inherited)",
				);
				GCC_WARN_64_TO_32_BIT_CONVERSION = YES;
				GCC_WARN_ABOUT_RETURN_TYPE = YES_ERROR;
				GCC_WARN_UNDECLARED_SELECTOR = YES;
				GCC_WARN_UNINITIALIZED_AUTOS = YES_AGGRESSIVE;
				GCC_WARN_UNUSED_FUNCTION = YES;
				GCC_WARN_UNUSED_VARIABLE = YES;
				IPHONEOS_DEPLOYMENT_TARGET = 16.0;
				LOCALIZATION_PREFERS_STRING_CATALOGS = YES;
				MTL_ENABLE_DEBUG_INFO = INCLUDE_SOURCE;
				MTL_FAST_MATH = YES;
				ONLY_ACTIVE_ARCH = YES;
				SDKROOT = iphoneos;
				SWIFT_ACTIVE_COMPILATION_CONDITIONS = "DEBUG $(inherited)";
				SWIFT_OPTIMIZATION_LEVEL = "-Onone";
			};
			name = Debug;
		};
		5FDBE7EC2C833C3500E623B5 /* Release */ = {
			isa = XCBuildConfiguration;
			buildSettings = {
				ALWAYS_SEARCH_USER_PATHS = NO;
				ASSETCATALOG_COMPILER_GENERATE_SWIFT_ASSET_SYMBOL_EXTENSIONS = YES;
				CLANG_ANALYZER_NONNULL = YES;
				CLANG_ANALYZER_NUMBER_OBJECT_CONVERSION = YES_AGGRESSIVE;
				CLANG_CXX_LANGUAGE_STANDARD = "gnu++20";
				CLANG_ENABLE_MODULES = YES;
				CLANG_ENABLE_OBJC_ARC = YES;
				CLANG_ENABLE_OBJC_WEAK = YES;
				CLANG_WARN_BLOCK_CAPTURE_AUTORELEASING = YES;
				CLANG_WARN_BOOL_CONVERSION = YES;
				CLANG_WARN_COMMA = YES;
				CLANG_WARN_CONSTANT_CONVERSION = YES;
				CLANG_WARN_DEPRECATED_OBJC_IMPLEMENTATIONS = YES;
				CLANG_WARN_DIRECT_OBJC_ISA_USAGE = YES_ERROR;
				CLANG_WARN_DOCUMENTATION_COMMENTS = YES;
				CLANG_WARN_EMPTY_BODY = YES;
				CLANG_WARN_ENUM_CONVERSION = YES;
				CLANG_WARN_INFINITE_RECURSION = YES;
				CLANG_WARN_INT_CONVERSION = YES;
				CLANG_WARN_NON_LITERAL_NULL_CONVERSION = YES;
				CLANG_WARN_OBJC_IMPLICIT_RETAIN_SELF = YES;
				CLANG_WARN_OBJC_LITERAL_CONVERSION = YES;
				CLANG_WARN_OBJC_ROOT_CLASS = YES_ERROR;
				CLANG_WARN_QUOTED_INCLUDE_IN_FRAMEWORK_HEADER = YES;
				CLANG_WARN_RANGE_LOOP_ANALYSIS = YES;
				CLANG_WARN_STRICT_PROTOTYPES = YES;
				CLANG_WARN_SUSPICIOUS_MOVE = YES;
				CLANG_WARN_UNGUARDED_AVAILABILITY = YES_AGGRESSIVE;
				CLANG_WARN_UNREACHABLE_CODE = YES;
				CLANG_WARN__DUPLICATE_METHOD_MATCH = YES;
				COPY_PHASE_STRIP = NO;
				DEBUG_INFORMATION_FORMAT = "dwarf-with-dsym";
				ENABLE_NS_ASSERTIONS = NO;
				ENABLE_STRICT_OBJC_MSGSEND = YES;
				ENABLE_USER_SCRIPT_SANDBOXING = YES;
				GCC_C_LANGUAGE_STANDARD = gnu17;
				GCC_NO_COMMON_BLOCKS = YES;
				GCC_WARN_64_TO_32_BIT_CONVERSION = YES;
				GCC_WARN_ABOUT_RETURN_TYPE = YES_ERROR;
				GCC_WARN_UNDECLARED_SELECTOR = YES;
				GCC_WARN_UNINITIALIZED_AUTOS = YES_AGGRESSIVE;
				GCC_WARN_UNUSED_FUNCTION = YES;
				GCC_WARN_UNUSED_VARIABLE = YES;
				IPHONEOS_DEPLOYMENT_TARGET = 16.0;
				LOCALIZATION_PREFERS_STRING_CATALOGS = YES;
				MTL_ENABLE_DEBUG_INFO = NO;
				MTL_FAST_MATH = YES;
				SDKROOT = iphoneos;
				SWIFT_COMPILATION_MODE = wholemodule;
				VALIDATE_PRODUCT = YES;
			};
			name = Release;
		};
		5FDBE7EE2C833C3500E623B5 /* Debug */ = {
			isa = XCBuildConfiguration;
			buildSettings = {
				ASSETCATALOG_COMPILER_APPICON_NAME = AppIcon;
				ASSETCATALOG_COMPILER_GLOBAL_ACCENT_COLOR_NAME = AccentColor;
				CODE_SIGN_STYLE = Automatic;
				CURRENT_PROJECT_VERSION = 1;
				DEVELOPMENT_ASSET_PATHS = "\"Bass Booster/Preview Content\"";
				ENABLE_PREVIEWS = YES;
				GENERATE_INFOPLIST_FILE = YES;
				INFOPLIST_KEY_CFBundleDisplayName = "Bass Booster";
				INFOPLIST_KEY_UIApplicationSceneManifest_Generation = YES;
				INFOPLIST_KEY_UIApplicationSupportsIndirectInputEvents = YES;
				INFOPLIST_KEY_UILaunchScreen_Generation = YES;
				INFOPLIST_KEY_UISupportedInterfaceOrientations = UIInterfaceOrientationPortrait;
				INFOPLIST_KEY_UISupportedInterfaceOrientations_iPad = "UIInterfaceOrientationLandscapeLeft UIInterfaceOrientationLandscapeRight UIInterfaceOrientationPortrait UIInterfaceOrientationPortraitUpsideDown";
				IPHONEOS_DEPLOYMENT_TARGET = 16.0;
				LD_RUNPATH_SEARCH_PATHS = (
					"$(inherited)",
					"@executable_path/Frameworks",
				);
				MARKETING_VERSION = 1.0;
				PRODUCT_BUNDLE_IDENTIFIER = "com.Bass-Booster";
				PRODUCT_NAME = "$(TARGET_NAME)";
				SUPPORTED_PLATFORMS = "iphoneos iphonesimulator";
				SUPPORTS_MACCATALYST = NO;
				SWIFT_EMIT_LOC_STRINGS = YES;
				SWIFT_VERSION = 5.0;
				TARGETED_DEVICE_FAMILY = 1;
			};
			name = Debug;
		};
		5FDBE7EF2C833C3500E623B5 /* Release */ = {
			isa = XCBuildConfiguration;
			buildSettings = {
				ASSETCATALOG_COMPILER_APPICON_NAME = AppIcon;
				ASSETCATALOG_COMPILER_GLOBAL_ACCENT_COLOR_NAME = AccentColor;
				CODE_SIGN_STYLE = Automatic;
				CURRENT_PROJECT_VERSION = 1;
				DEVELOPMENT_ASSET_PATHS = "\"Bass Booster/Preview Content\"";
				ENABLE_PREVIEWS = YES;
				GENERATE_INFOPLIST_FILE = YES;
				INFOPLIST_KEY_CFBundleDisplayName = "Bass Booster";
				INFOPLIST_KEY_UIApplicationSceneManifest_Generation = YES;
				INFOPLIST_KEY_UIApplicationSupportsIndirectInputEvents = YES;
				INFOPLIST_KEY_UILaunchScreen_Generation = YES;
				INFOPLIST_KEY_UISupportedInterfaceOrientations = UIInterfaceOrientationPortrait;
				INFOPLIST_KEY_UISupportedInterfaceOrientations_iPad = "UIInterfaceOrientationLandscapeLeft UIInterfaceOrientationLandscapeRight UIInterfaceOrientationPortrait UIInterfaceOrientationPortraitUpsideDown";
				IPHONEOS_DEPLOYMENT_TARGET = 16.0;
				LD_RUNPATH_SEARCH_PATHS = (
					"$(inherited)",
					"@executable_path/Frameworks",
				);
				MARKETING_VERSION = 1.0;
				PRODUCT_BUNDLE_IDENTIFIER = "com.Bass-Booster";
				PRODUCT_NAME = "$(TARGET_NAME)";
				SUPPORTED_PLATFORMS = "iphoneos iphonesimulator";
				SUPPORTS_MACCATALYST = NO;
				SWIFT_EMIT_LOC_STRINGS = YES;
				SWIFT_VERSION = 5.0;
				TARGETED_DEVICE_FAMILY = 1;
			};
			name = Release;
		};
/* End XCBuildConfiguration section */

/* Begin XCConfigurationList section */
		5FDBE7DA2C833C3300E623B5 /* Build configuration list for PBXProject "Bass Booster" */ = {
			isa = XCConfigurationList;
			buildConfigurations = (
				5FDBE7EB2C833C3500E623B5 /* Debug */,
				5FDBE7EC2C833C3500E623B5 /* Release */,
			);
			defaultConfigurationIsVisible = 0;
			defaultConfigurationName = Release;
		};
		5FDBE7ED2C833C3500E623B5 /* Build configuration list for PBXNativeTarget "Bass Booster" */ = {
			isa = XCConfigurationList;
			buildConfigurations = (
				5FDBE7EE2C833C3500E623B5 /* Debug */,
				5FDBE7EF2C833C3500E623B5 /* Release */,
			);
			defaultConfigurationIsVisible = 0;
			defaultConfigurationName = Release;
		};
/* End XCConfigurationList section */
	};
	rootObject = 5FDBE7D72C833C3300E623B5 /* Project object */;
}
